// !$*UTF8*$!
{
	archiveVersion = 1;
	classes = {
	};
	objectVersion = 55;
	objects = {

/* Begin PBXBuildFile section */
		6A0F34C327D89792001E60D9 /* Poppins-Black.ttf in Resources */ = {isa = PBXBuildFile; fileRef = 6A0F34B027D89792001E60D9 /* Poppins-Black.ttf */; };
		6A0F34C427D89792001E60D9 /* Poppins-ThinItalic.ttf in Resources */ = {isa = PBXBuildFile; fileRef = 6A0F34B127D89792001E60D9 /* Poppins-ThinItalic.ttf */; };
		6A0F34C527D89792001E60D9 /* Poppins-Regular.ttf in Resources */ = {isa = PBXBuildFile; fileRef = 6A0F34B227D89792001E60D9 /* Poppins-Regular.ttf */; };
		6A0F34C627D89792001E60D9 /* Poppins-SemiBoldItalic.ttf in Resources */ = {isa = PBXBuildFile; fileRef = 6A0F34B327D89792001E60D9 /* Poppins-SemiBoldItalic.ttf */; };
		6A0F34C727D89792001E60D9 /* Poppins-ExtraLight.ttf in Resources */ = {isa = PBXBuildFile; fileRef = 6A0F34B427D89792001E60D9 /* Poppins-ExtraLight.ttf */; };
		6A0F34C827D89792001E60D9 /* Poppins-Bold.ttf in Resources */ = {isa = PBXBuildFile; fileRef = 6A0F34B527D89792001E60D9 /* Poppins-Bold.ttf */; };
		6A0F34C927D89792001E60D9 /* Poppins-Italic.ttf in Resources */ = {isa = PBXBuildFile; fileRef = 6A0F34B627D89792001E60D9 /* Poppins-Italic.ttf */; };
		6A0F34CA27D89792001E60D9 /* Poppins-BoldItalic.ttf in Resources */ = {isa = PBXBuildFile; fileRef = 6A0F34B727D89792001E60D9 /* Poppins-BoldItalic.ttf */; };
		6A0F34CB27D89792001E60D9 /* Poppins-Light.ttf in Resources */ = {isa = PBXBuildFile; fileRef = 6A0F34B827D89792001E60D9 /* Poppins-Light.ttf */; };
		6A0F34CC27D89792001E60D9 /* Poppins-BlackItalic.ttf in Resources */ = {isa = PBXBuildFile; fileRef = 6A0F34B927D89792001E60D9 /* Poppins-BlackItalic.ttf */; };
		6A0F34CD27D89792001E60D9 /* Poppins-Medium.ttf in Resources */ = {isa = PBXBuildFile; fileRef = 6A0F34BA27D89792001E60D9 /* Poppins-Medium.ttf */; };
		6A0F34CE27D89792001E60D9 /* Poppins-MediumItalic.ttf in Resources */ = {isa = PBXBuildFile; fileRef = 6A0F34BB27D89792001E60D9 /* Poppins-MediumItalic.ttf */; };
		6A0F34CF27D89792001E60D9 /* Poppins-ExtraLightItalic.ttf in Resources */ = {isa = PBXBuildFile; fileRef = 6A0F34BC27D89792001E60D9 /* Poppins-ExtraLightItalic.ttf */; };
		6A0F34D027D89792001E60D9 /* Poppins-LightItalic.ttf in Resources */ = {isa = PBXBuildFile; fileRef = 6A0F34BD27D89792001E60D9 /* Poppins-LightItalic.ttf */; };
		6A0F34D127D89792001E60D9 /* OFL.txt in Resources */ = {isa = PBXBuildFile; fileRef = 6A0F34BE27D89792001E60D9 /* OFL.txt */; };
		6A0F34D227D89792001E60D9 /* Poppins-Thin.ttf in Resources */ = {isa = PBXBuildFile; fileRef = 6A0F34BF27D89792001E60D9 /* Poppins-Thin.ttf */; };
		6A0F34D327D89792001E60D9 /* Poppins-ExtraBoldItalic.ttf in Resources */ = {isa = PBXBuildFile; fileRef = 6A0F34C027D89792001E60D9 /* Poppins-ExtraBoldItalic.ttf */; };
		6A0F34D427D89792001E60D9 /* Poppins-ExtraBold.ttf in Resources */ = {isa = PBXBuildFile; fileRef = 6A0F34C127D89792001E60D9 /* Poppins-ExtraBold.ttf */; };
		6A0F34D527D89792001E60D9 /* Poppins-SemiBold.ttf in Resources */ = {isa = PBXBuildFile; fileRef = 6A0F34C227D89792001E60D9 /* Poppins-SemiBold.ttf */; };
		6A31FD4927CF61B700EFECDD /* RegistrApp.swift in Sources */ = {isa = PBXBuildFile; fileRef = 6A31FD4827CF61B700EFECDD /* RegistrApp.swift */; };
		6A31FD4D27CF61B700EFECDD /* Assets.xcassets in Resources */ = {isa = PBXBuildFile; fileRef = 6A31FD4C27CF61B700EFECDD /* Assets.xcassets */; };
		6A31FD5027CF61B700EFECDD /* Preview Assets.xcassets in Resources */ = {isa = PBXBuildFile; fileRef = 6A31FD4F27CF61B700EFECDD /* Preview Assets.xcassets */; };
		6AC078DB27CF73EB0048F0B1 /* FirebaseAnalytics in Frameworks */ = {isa = PBXBuildFile; productRef = 6AC078DA27CF73EB0048F0B1 /* FirebaseAnalytics */; };
		6AC078DD27CF73EB0048F0B1 /* FirebaseAuth in Frameworks */ = {isa = PBXBuildFile; productRef = 6AC078DC27CF73EB0048F0B1 /* FirebaseAuth */; };
		6AC078DF27CF73EB0048F0B1 /* FirebaseCrashlytics in Frameworks */ = {isa = PBXBuildFile; productRef = 6AC078DE27CF73EB0048F0B1 /* FirebaseCrashlytics */; };
		6AC078E127CF73EB0048F0B1 /* FirebaseFirestore in Frameworks */ = {isa = PBXBuildFile; productRef = 6AC078E027CF73EB0048F0B1 /* FirebaseFirestore */; };
		6AC078E327CF88C20048F0B1 /* GoogleService-Info.plist in Resources */ = {isa = PBXBuildFile; fileRef = 6AC078E227CF88C20048F0B1 /* GoogleService-Info.plist */; };
		6AC078E527CF8ABD0048F0B1 /* AppDelegate.swift in Sources */ = {isa = PBXBuildFile; fileRef = 6AC078E427CF8ABD0048F0B1 /* AppDelegate.swift */; };
		8348592027CF8827009D8A51 /* LoginOptions.swift in Sources */ = {isa = PBXBuildFile; fileRef = 8348591F27CF8827009D8A51 /* LoginOptions.swift */; };
		8348592427CF8C3D009D8A51 /* FontStyles.swift in Sources */ = {isa = PBXBuildFile; fileRef = 8348592327CF8C3D009D8A51 /* FontStyles.swift */; };
		8348592627CF8C7F009D8A51 /* Color.swift in Sources */ = {isa = PBXBuildFile; fileRef = 8348592527CF8C7F009D8A51 /* Color.swift */; };
		8348592827CF8D1C009D8A51 /* Resources.swift in Sources */ = {isa = PBXBuildFile; fileRef = 8348592727CF8D1C009D8A51 /* Resources.swift */; };
		8348592A27CF912E009D8A51 /* FontSizes.swift in Sources */ = {isa = PBXBuildFile; fileRef = 8348592927CF912E009D8A51 /* FontSizes.swift */; };
		8348592C27CF92DB009D8A51 /* ButtonStyle.swift in Sources */ = {isa = PBXBuildFile; fileRef = 8348592B27CF92DB009D8A51 /* ButtonStyle.swift */; };
		8348592E27CF9C4C009D8A51 /* BackgroundGradient.swift in Sources */ = {isa = PBXBuildFile; fileRef = 8348592D27CF9C4C009D8A51 /* BackgroundGradient.swift */; };
		8348595B27D0C709009D8A51 /* LoginUserID.swift in Sources */ = {isa = PBXBuildFile; fileRef = 8348595A27D0C709009D8A51 /* LoginUserID.swift */; };
		8348596127D10C50009D8A51 /* LoginPassword.swift in Sources */ = {isa = PBXBuildFile; fileRef = 8348596027D10C50009D8A51 /* LoginPassword.swift */; };
		8391A8EE27DA2DA400B5C698 /* RegisterView.swift in Sources */ = {isa = PBXBuildFile; fileRef = 8391A8ED27DA2DA400B5C698 /* RegisterView.swift */; };
		8391A8F027DA2DB000B5C698 /* HomeScreenView.swift in Sources */ = {isa = PBXBuildFile; fileRef = 8391A8EF27DA2DB000B5C698 /* HomeScreenView.swift */; };
		8391A8F327DA2DC400B5C698 /* ProfileView.swift in Sources */ = {isa = PBXBuildFile; fileRef = 8391A8F227DA2DC400B5C698 /* ProfileView.swift */; };
		8391A8F727DA2DEE00B5C698 /* TeacherHomeScreenView.swift in Sources */ = {isa = PBXBuildFile; fileRef = 8391A8F627DA2DEE00B5C698 /* TeacherHomeScreenView.swift */; };
		8391A8F927DA2DFD00B5C698 /* TabViewView.swift in Sources */ = {isa = PBXBuildFile; fileRef = 8391A8F827DA2DFD00B5C698 /* TabViewView.swift */; };
		83D5016527CF75240083AEE7 /* Localizable.strings in Resources */ = {isa = PBXBuildFile; fileRef = 83D5016727CF75240083AEE7 /* Localizable.strings */; };
/* End PBXBuildFile section */

/* Begin PBXFileReference section */
		6A0F34B027D89792001E60D9 /* Poppins-Black.ttf */ = {isa = PBXFileReference; lastKnownFileType = file; path = "Poppins-Black.ttf"; sourceTree = "<group>"; };
		6A0F34B127D89792001E60D9 /* Poppins-ThinItalic.ttf */ = {isa = PBXFileReference; lastKnownFileType = file; path = "Poppins-ThinItalic.ttf"; sourceTree = "<group>"; };
		6A0F34B227D89792001E60D9 /* Poppins-Regular.ttf */ = {isa = PBXFileReference; lastKnownFileType = file; path = "Poppins-Regular.ttf"; sourceTree = "<group>"; };
		6A0F34B327D89792001E60D9 /* Poppins-SemiBoldItalic.ttf */ = {isa = PBXFileReference; lastKnownFileType = file; path = "Poppins-SemiBoldItalic.ttf"; sourceTree = "<group>"; };
		6A0F34B427D89792001E60D9 /* Poppins-ExtraLight.ttf */ = {isa = PBXFileReference; lastKnownFileType = file; path = "Poppins-ExtraLight.ttf"; sourceTree = "<group>"; };
		6A0F34B527D89792001E60D9 /* Poppins-Bold.ttf */ = {isa = PBXFileReference; lastKnownFileType = file; path = "Poppins-Bold.ttf"; sourceTree = "<group>"; };
		6A0F34B627D89792001E60D9 /* Poppins-Italic.ttf */ = {isa = PBXFileReference; lastKnownFileType = file; path = "Poppins-Italic.ttf"; sourceTree = "<group>"; };
		6A0F34B727D89792001E60D9 /* Poppins-BoldItalic.ttf */ = {isa = PBXFileReference; lastKnownFileType = file; path = "Poppins-BoldItalic.ttf"; sourceTree = "<group>"; };
		6A0F34B827D89792001E60D9 /* Poppins-Light.ttf */ = {isa = PBXFileReference; lastKnownFileType = file; path = "Poppins-Light.ttf"; sourceTree = "<group>"; };
		6A0F34B927D89792001E60D9 /* Poppins-BlackItalic.ttf */ = {isa = PBXFileReference; lastKnownFileType = file; path = "Poppins-BlackItalic.ttf"; sourceTree = "<group>"; };
		6A0F34BA27D89792001E60D9 /* Poppins-Medium.ttf */ = {isa = PBXFileReference; lastKnownFileType = file; path = "Poppins-Medium.ttf"; sourceTree = "<group>"; };
		6A0F34BB27D89792001E60D9 /* Poppins-MediumItalic.ttf */ = {isa = PBXFileReference; lastKnownFileType = file; path = "Poppins-MediumItalic.ttf"; sourceTree = "<group>"; };
		6A0F34BC27D89792001E60D9 /* Poppins-ExtraLightItalic.ttf */ = {isa = PBXFileReference; lastKnownFileType = file; path = "Poppins-ExtraLightItalic.ttf"; sourceTree = "<group>"; };
		6A0F34BD27D89792001E60D9 /* Poppins-LightItalic.ttf */ = {isa = PBXFileReference; lastKnownFileType = file; path = "Poppins-LightItalic.ttf"; sourceTree = "<group>"; };
		6A0F34BE27D89792001E60D9 /* OFL.txt */ = {isa = PBXFileReference; fileEncoding = 4; lastKnownFileType = text; path = OFL.txt; sourceTree = "<group>"; };
		6A0F34BF27D89792001E60D9 /* Poppins-Thin.ttf */ = {isa = PBXFileReference; lastKnownFileType = file; path = "Poppins-Thin.ttf"; sourceTree = "<group>"; };
		6A0F34C027D89792001E60D9 /* Poppins-ExtraBoldItalic.ttf */ = {isa = PBXFileReference; lastKnownFileType = file; path = "Poppins-ExtraBoldItalic.ttf"; sourceTree = "<group>"; };
		6A0F34C127D89792001E60D9 /* Poppins-ExtraBold.ttf */ = {isa = PBXFileReference; lastKnownFileType = file; path = "Poppins-ExtraBold.ttf"; sourceTree = "<group>"; };
		6A0F34C227D89792001E60D9 /* Poppins-SemiBold.ttf */ = {isa = PBXFileReference; lastKnownFileType = file; path = "Poppins-SemiBold.ttf"; sourceTree = "<group>"; };
		6A31FD4527CF61B700EFECDD /* Registr.app */ = {isa = PBXFileReference; explicitFileType = wrapper.application; includeInIndex = 0; path = Registr.app; sourceTree = BUILT_PRODUCTS_DIR; };
		6A31FD4827CF61B700EFECDD /* RegistrApp.swift */ = {isa = PBXFileReference; lastKnownFileType = sourcecode.swift; path = RegistrApp.swift; sourceTree = "<group>"; };
		6A31FD4C27CF61B700EFECDD /* Assets.xcassets */ = {isa = PBXFileReference; lastKnownFileType = folder.assetcatalog; path = Assets.xcassets; sourceTree = "<group>"; };
		6A31FD4F27CF61B700EFECDD /* Preview Assets.xcassets */ = {isa = PBXFileReference; lastKnownFileType = folder.assetcatalog; path = "Preview Assets.xcassets"; sourceTree = "<group>"; };
		6AC078E227CF88C20048F0B1 /* GoogleService-Info.plist */ = {isa = PBXFileReference; fileEncoding = 4; lastKnownFileType = text.plist.xml; path = "GoogleService-Info.plist"; sourceTree = "<group>"; };
		6AC078E427CF8ABD0048F0B1 /* AppDelegate.swift */ = {isa = PBXFileReference; lastKnownFileType = sourcecode.swift; path = AppDelegate.swift; sourceTree = "<group>"; };
		8348591F27CF8827009D8A51 /* LoginOptions.swift */ = {isa = PBXFileReference; lastKnownFileType = sourcecode.swift; path = LoginOptions.swift; sourceTree = "<group>"; };
		8348592327CF8C3D009D8A51 /* FontStyles.swift */ = {isa = PBXFileReference; lastKnownFileType = sourcecode.swift; path = FontStyles.swift; sourceTree = "<group>"; };
		8348592527CF8C7F009D8A51 /* Color.swift */ = {isa = PBXFileReference; lastKnownFileType = sourcecode.swift; path = Color.swift; sourceTree = "<group>"; };
		8348592727CF8D1C009D8A51 /* Resources.swift */ = {isa = PBXFileReference; lastKnownFileType = sourcecode.swift; path = Resources.swift; sourceTree = "<group>"; };
		8348592927CF912E009D8A51 /* FontSizes.swift */ = {isa = PBXFileReference; lastKnownFileType = sourcecode.swift; path = FontSizes.swift; sourceTree = "<group>"; };
		8348592B27CF92DB009D8A51 /* ButtonStyle.swift */ = {isa = PBXFileReference; lastKnownFileType = sourcecode.swift; path = ButtonStyle.swift; sourceTree = "<group>"; };
		8348592D27CF9C4C009D8A51 /* BackgroundGradient.swift */ = {isa = PBXFileReference; lastKnownFileType = sourcecode.swift; path = BackgroundGradient.swift; sourceTree = "<group>"; };
		8348593127CFAE1D009D8A51 /* Info.plist */ = {isa = PBXFileReference; lastKnownFileType = text.plist; path = Info.plist; sourceTree = "<group>"; };
		8348595A27D0C709009D8A51 /* LoginUserID.swift */ = {isa = PBXFileReference; lastKnownFileType = sourcecode.swift; path = LoginUserID.swift; sourceTree = "<group>"; };
		8348596027D10C50009D8A51 /* LoginPassword.swift */ = {isa = PBXFileReference; lastKnownFileType = sourcecode.swift; path = LoginPassword.swift; sourceTree = "<group>"; };
		8391A8ED27DA2DA400B5C698 /* RegisterView.swift */ = {isa = PBXFileReference; lastKnownFileType = sourcecode.swift; path = RegisterView.swift; sourceTree = "<group>"; };
		8391A8EF27DA2DB000B5C698 /* HomeScreenView.swift */ = {isa = PBXFileReference; lastKnownFileType = sourcecode.swift; path = HomeScreenView.swift; sourceTree = "<group>"; };
		8391A8F227DA2DC400B5C698 /* ProfileView.swift */ = {isa = PBXFileReference; lastKnownFileType = sourcecode.swift; path = ProfileView.swift; sourceTree = "<group>"; };
		8391A8F627DA2DEE00B5C698 /* TeacherHomeScreenView.swift */ = {isa = PBXFileReference; lastKnownFileType = sourcecode.swift; path = TeacherHomeScreenView.swift; sourceTree = "<group>"; };
		8391A8F827DA2DFD00B5C698 /* TabViewView.swift */ = {isa = PBXFileReference; lastKnownFileType = sourcecode.swift; path = TabViewView.swift; sourceTree = "<group>"; };
		83D5016827CF75480083AEE7 /* da */ = {isa = PBXFileReference; lastKnownFileType = text.plist.strings; name = da; path = da.lproj/Localizable.strings; sourceTree = "<group>"; };
/* End PBXFileReference section */

/* Begin PBXFrameworksBuildPhase section */
		6A31FD4227CF61B700EFECDD /* Frameworks */ = {
			isa = PBXFrameworksBuildPhase;
			buildActionMask = 2147483647;
			files = (
				6AC078DF27CF73EB0048F0B1 /* FirebaseCrashlytics in Frameworks */,
				6AC078E127CF73EB0048F0B1 /* FirebaseFirestore in Frameworks */,
				6AC078DB27CF73EB0048F0B1 /* FirebaseAnalytics in Frameworks */,
				6AC078DD27CF73EB0048F0B1 /* FirebaseAuth in Frameworks */,
			);
			runOnlyForDeploymentPostprocessing = 0;
		};
/* End PBXFrameworksBuildPhase section */

/* Begin PBXGroup section */
		6A31FD3C27CF61B700EFECDD = {
			isa = PBXGroup;
			children = (
				6A31FD4727CF61B700EFECDD /* Registr */,
				6A31FD4627CF61B700EFECDD /* Products */,
			);
			sourceTree = "<group>";
		};
		6A31FD4627CF61B700EFECDD /* Products */ = {
			isa = PBXGroup;
			children = (
				6A31FD4527CF61B700EFECDD /* Registr.app */,
			);
			name = Products;
			sourceTree = "<group>";
		};
		6A31FD4727CF61B700EFECDD /* Registr */ = {
			isa = PBXGroup;
			children = (
				8391A8E827DA2D4900B5C698 /* Views */,
				8348593127CFAE1D009D8A51 /* Info.plist */,
				8348592227CF8C24009D8A51 /* Resources */,
				6AC078E427CF8ABD0048F0B1 /* AppDelegate.swift */,
				6A31FD4827CF61B700EFECDD /* RegistrApp.swift */,
				83D5016727CF75240083AEE7 /* Localizable.strings */,
				6A31FD4C27CF61B700EFECDD /* Assets.xcassets */,
				6AC078E227CF88C20048F0B1 /* GoogleService-Info.plist */,
				6A31FD4E27CF61B700EFECDD /* Preview Content */,
			);
			path = Registr;
			sourceTree = "<group>";
		};
		6A31FD4E27CF61B700EFECDD /* Preview Content */ = {
			isa = PBXGroup;
			children = (
				6A31FD4F27CF61B700EFECDD /* Preview Assets.xcassets */,
			);
			path = "Preview Content";
			sourceTree = "<group>";
		};
		8348592127CF8830009D8A51 /* Login */ = {
			isa = PBXGroup;
			children = (
				8348591F27CF8827009D8A51 /* LoginOptions.swift */,
				8348595A27D0C709009D8A51 /* LoginUserID.swift */,
				8348596027D10C50009D8A51 /* LoginPassword.swift */,
			);
			path = Login;
			sourceTree = "<group>";
		};
		8348592227CF8C24009D8A51 /* Resources */ = {
			isa = PBXGroup;
			children = (
				8348593327CFB327009D8A51 /* Poppins */,
				8348592327CF8C3D009D8A51 /* FontStyles.swift */,
				8348592527CF8C7F009D8A51 /* Color.swift */,
				8348592727CF8D1C009D8A51 /* Resources.swift */,
				8348592927CF912E009D8A51 /* FontSizes.swift */,
				8348592B27CF92DB009D8A51 /* ButtonStyle.swift */,
				8348592D27CF9C4C009D8A51 /* BackgroundGradient.swift */,
			);
			path = Resources;
			sourceTree = "<group>";
		};
		8348593327CFB327009D8A51 /* Poppins */ = {
			isa = PBXGroup;
			children = (
				6A0F34BE27D89792001E60D9 /* OFL.txt */,
				6A0F34B027D89792001E60D9 /* Poppins-Black.ttf */,
				6A0F34B927D89792001E60D9 /* Poppins-BlackItalic.ttf */,
				6A0F34B527D89792001E60D9 /* Poppins-Bold.ttf */,
				6A0F34B727D89792001E60D9 /* Poppins-BoldItalic.ttf */,
				6A0F34C127D89792001E60D9 /* Poppins-ExtraBold.ttf */,
				6A0F34C027D89792001E60D9 /* Poppins-ExtraBoldItalic.ttf */,
				6A0F34B427D89792001E60D9 /* Poppins-ExtraLight.ttf */,
				6A0F34BC27D89792001E60D9 /* Poppins-ExtraLightItalic.ttf */,
				6A0F34B627D89792001E60D9 /* Poppins-Italic.ttf */,
				6A0F34B827D89792001E60D9 /* Poppins-Light.ttf */,
				6A0F34BD27D89792001E60D9 /* Poppins-LightItalic.ttf */,
				6A0F34BA27D89792001E60D9 /* Poppins-Medium.ttf */,
				6A0F34BB27D89792001E60D9 /* Poppins-MediumItalic.ttf */,
				6A0F34B227D89792001E60D9 /* Poppins-Regular.ttf */,
				6A0F34C227D89792001E60D9 /* Poppins-SemiBold.ttf */,
				6A0F34B327D89792001E60D9 /* Poppins-SemiBoldItalic.ttf */,
				6A0F34BF27D89792001E60D9 /* Poppins-Thin.ttf */,
				6A0F34B127D89792001E60D9 /* Poppins-ThinItalic.ttf */,
			);
			name = Poppins;
			sourceTree = "<group>";
		};
		8391A8E827DA2D4900B5C698 /* Views */ = {
			isa = PBXGroup;
			children = (
				8391A8EC27DA2D7600B5C698 /* Register */,
				8391A8EB27DA2D7100B5C698 /* Home */,
				8391A8EA27DA2D6600B5C698 /* Profile */,
				8391A8E927DA2D5D00B5C698 /* TabView */,
				8348592127CF8830009D8A51 /* Login */,
			);
			path = Views;
			sourceTree = "<group>";
		};
		8391A8E927DA2D5D00B5C698 /* TabView */ = {
			isa = PBXGroup;
			children = (
				8391A8F827DA2DFD00B5C698 /* TabViewView.swift */,
			);
			path = TabView;
			sourceTree = "<group>";
		};
		8391A8EA27DA2D6600B5C698 /* Profile */ = {
			isa = PBXGroup;
			children = (
				8391A8F227DA2DC400B5C698 /* ProfileView.swift */,
			);
			path = Profile;
			sourceTree = "<group>";
		};
		8391A8EB27DA2D7100B5C698 /* Home */ = {
			isa = PBXGroup;
			children = (
				8391A8EF27DA2DB000B5C698 /* HomeScreenView.swift */,
				8391A8F627DA2DEE00B5C698 /* TeacherHomeScreenView.swift */,
			);
			path = Home;
			sourceTree = "<group>";
		};
		8391A8EC27DA2D7600B5C698 /* Register */ = {
			isa = PBXGroup;
			children = (
				8391A8ED27DA2DA400B5C698 /* RegisterView.swift */,
			);
			path = Register;
			sourceTree = "<group>";
		};
/* End PBXGroup section */

/* Begin PBXNativeTarget section */
		6A31FD4427CF61B700EFECDD /* Registr */ = {
			isa = PBXNativeTarget;
			buildConfigurationList = 6A31FD5327CF61B700EFECDD /* Build configuration list for PBXNativeTarget "Registr" */;
			buildPhases = (
				6A31FD4127CF61B700EFECDD /* Sources */,
				6A31FD4227CF61B700EFECDD /* Frameworks */,
				6A31FD4327CF61B700EFECDD /* Resources */,
			);
			buildRules = (
			);
			dependencies = (
			);
			name = Registr;
			packageProductDependencies = (
				6AC078DA27CF73EB0048F0B1 /* FirebaseAnalytics */,
				6AC078DC27CF73EB0048F0B1 /* FirebaseAuth */,
				6AC078DE27CF73EB0048F0B1 /* FirebaseCrashlytics */,
				6AC078E027CF73EB0048F0B1 /* FirebaseFirestore */,
			);
			productName = Registr;
			productReference = 6A31FD4527CF61B700EFECDD /* Registr.app */;
			productType = "com.apple.product-type.application";
		};
/* End PBXNativeTarget section */

/* Begin PBXProject section */
		6A31FD3D27CF61B700EFECDD /* Project object */ = {
			isa = PBXProject;
			attributes = {
				BuildIndependentTargetsInParallel = 1;
				LastSwiftUpdateCheck = 1320;
				LastUpgradeCheck = 1320;
				TargetAttributes = {
					6A31FD4427CF61B700EFECDD = {
						CreatedOnToolsVersion = 13.2.1;
					};
				};
			};
			buildConfigurationList = 6A31FD4027CF61B700EFECDD /* Build configuration list for PBXProject "Registr" */;
			compatibilityVersion = "Xcode 13.0";
			developmentRegion = en;
			hasScannedForEncodings = 0;
			knownRegions = (
				en,
				Base,
				da,
			);
			mainGroup = 6A31FD3C27CF61B700EFECDD;
			packageReferences = (
				6AC078D927CF73EB0048F0B1 /* XCRemoteSwiftPackageReference "firebase-ios-sdk" */,
			);
			productRefGroup = 6A31FD4627CF61B700EFECDD /* Products */;
			projectDirPath = "";
			projectRoot = "";
			targets = (
				6A31FD4427CF61B700EFECDD /* Registr */,
			);
		};
/* End PBXProject section */

/* Begin PBXResourcesBuildPhase section */
		6A31FD4327CF61B700EFECDD /* Resources */ = {
			isa = PBXResourcesBuildPhase;
			buildActionMask = 2147483647;
			files = (
				6A31FD5027CF61B700EFECDD /* Preview Assets.xcassets in Resources */,
				6A0F34CE27D89792001E60D9 /* Poppins-MediumItalic.ttf in Resources */,
				6A0F34CB27D89792001E60D9 /* Poppins-Light.ttf in Resources */,
				6A0F34D327D89792001E60D9 /* Poppins-ExtraBoldItalic.ttf in Resources */,
				6A0F34C627D89792001E60D9 /* Poppins-SemiBoldItalic.ttf in Resources */,
				6A0F34CF27D89792001E60D9 /* Poppins-ExtraLightItalic.ttf in Resources */,
				6AC078E327CF88C20048F0B1 /* GoogleService-Info.plist in Resources */,
				6A0F34CA27D89792001E60D9 /* Poppins-BoldItalic.ttf in Resources */,
				6A0F34D027D89792001E60D9 /* Poppins-LightItalic.ttf in Resources */,
				6A0F34C727D89792001E60D9 /* Poppins-ExtraLight.ttf in Resources */,
				6A0F34D227D89792001E60D9 /* Poppins-Thin.ttf in Resources */,
				6A0F34D127D89792001E60D9 /* OFL.txt in Resources */,
				6A0F34C527D89792001E60D9 /* Poppins-Regular.ttf in Resources */,
				83D5016527CF75240083AEE7 /* Localizable.strings in Resources */,
				6A0F34CC27D89792001E60D9 /* Poppins-BlackItalic.ttf in Resources */,
				6A0F34CD27D89792001E60D9 /* Poppins-Medium.ttf in Resources */,
				6A0F34C427D89792001E60D9 /* Poppins-ThinItalic.ttf in Resources */,
				6A0F34C927D89792001E60D9 /* Poppins-Italic.ttf in Resources */,
				6A0F34D427D89792001E60D9 /* Poppins-ExtraBold.ttf in Resources */,
				6A0F34C827D89792001E60D9 /* Poppins-Bold.ttf in Resources */,
				6A31FD4D27CF61B700EFECDD /* Assets.xcassets in Resources */,
				6A0F34D527D89792001E60D9 /* Poppins-SemiBold.ttf in Resources */,
				6A0F34C327D89792001E60D9 /* Poppins-Black.ttf in Resources */,
			);
			runOnlyForDeploymentPostprocessing = 0;
		};
/* End PBXResourcesBuildPhase section */

/* Begin PBXSourcesBuildPhase section */
		6A31FD4127CF61B700EFECDD /* Sources */ = {
			isa = PBXSourcesBuildPhase;
			buildActionMask = 2147483647;
			files = (
				6AC078E527CF8ABD0048F0B1 /* AppDelegate.swift in Sources */,
				8348592C27CF92DB009D8A51 /* ButtonStyle.swift in Sources */,
				8348592E27CF9C4C009D8A51 /* BackgroundGradient.swift in Sources */,
				8348592A27CF912E009D8A51 /* FontSizes.swift in Sources */,
				8348592027CF8827009D8A51 /* LoginOptions.swift in Sources */,
				8348595B27D0C709009D8A51 /* LoginUserID.swift in Sources */,
				8348592427CF8C3D009D8A51 /* FontStyles.swift in Sources */,
				8348592827CF8D1C009D8A51 /* Resources.swift in Sources */,
				8391A8F727DA2DEE00B5C698 /* TeacherHomeScreenView.swift in Sources */,
				8348592627CF8C7F009D8A51 /* Color.swift in Sources */,
				8391A8F927DA2DFD00B5C698 /* TabViewView.swift in Sources */,
				8391A8EE27DA2DA400B5C698 /* RegisterView.swift in Sources */,
				8391A8F027DA2DB000B5C698 /* HomeScreenView.swift in Sources */,
				8348596127D10C50009D8A51 /* LoginPassword.swift in Sources */,
				8391A8F327DA2DC400B5C698 /* ProfileView.swift in Sources */,
				6A31FD4927CF61B700EFECDD /* RegistrApp.swift in Sources */,
			);
			runOnlyForDeploymentPostprocessing = 0;
		};
/* End PBXSourcesBuildPhase section */

/* Begin PBXVariantGroup section */
		83D5016727CF75240083AEE7 /* Localizable.strings */ = {
			isa = PBXVariantGroup;
			children = (
				83D5016827CF75480083AEE7 /* da */,
			);
			name = Localizable.strings;
			sourceTree = "<group>";
		};
/* End PBXVariantGroup section */

/* Begin XCBuildConfiguration section */
		6A31FD5127CF61B700EFECDD /* Debug */ = {
			isa = XCBuildConfiguration;
			buildSettings = {
				ALWAYS_SEARCH_USER_PATHS = NO;
				CLANG_ANALYZER_LOCALIZABILITY_NONLOCALIZED = YES;
				CLANG_ANALYZER_NONNULL = YES;
				CLANG_ANALYZER_NUMBER_OBJECT_CONVERSION = YES_AGGRESSIVE;
				CLANG_CXX_LANGUAGE_STANDARD = "gnu++17";
				CLANG_CXX_LIBRARY = "libc++";
				CLANG_ENABLE_MODULES = YES;
				CLANG_ENABLE_OBJC_ARC = YES;
				CLANG_ENABLE_OBJC_WEAK = YES;
				CLANG_WARN_BLOCK_CAPTURE_AUTORELEASING = YES;
				CLANG_WARN_BOOL_CONVERSION = YES;
				CLANG_WARN_COMMA = YES;
				CLANG_WARN_CONSTANT_CONVERSION = YES;
				CLANG_WARN_DEPRECATED_OBJC_IMPLEMENTATIONS = YES;
				CLANG_WARN_DIRECT_OBJC_ISA_USAGE = YES_ERROR;
				CLANG_WARN_DOCUMENTATION_COMMENTS = YES;
				CLANG_WARN_EMPTY_BODY = YES;
				CLANG_WARN_ENUM_CONVERSION = YES;
				CLANG_WARN_INFINITE_RECURSION = YES;
				CLANG_WARN_INT_CONVERSION = YES;
				CLANG_WARN_NON_LITERAL_NULL_CONVERSION = YES;
				CLANG_WARN_OBJC_IMPLICIT_RETAIN_SELF = YES;
				CLANG_WARN_OBJC_LITERAL_CONVERSION = YES;
				CLANG_WARN_OBJC_ROOT_CLASS = YES_ERROR;
				CLANG_WARN_QUOTED_INCLUDE_IN_FRAMEWORK_HEADER = YES;
				CLANG_WARN_RANGE_LOOP_ANALYSIS = YES;
				CLANG_WARN_STRICT_PROTOTYPES = YES;
				CLANG_WARN_SUSPICIOUS_MOVE = YES;
				CLANG_WARN_UNGUARDED_AVAILABILITY = YES_AGGRESSIVE;
				CLANG_WARN_UNREACHABLE_CODE = YES;
				CLANG_WARN__DUPLICATE_METHOD_MATCH = YES;
				COPY_PHASE_STRIP = NO;
				DEBUG_INFORMATION_FORMAT = dwarf;
				ENABLE_STRICT_OBJC_MSGSEND = YES;
				ENABLE_TESTABILITY = YES;
				GCC_C_LANGUAGE_STANDARD = gnu11;
				GCC_DYNAMIC_NO_PIC = NO;
				GCC_NO_COMMON_BLOCKS = YES;
				GCC_OPTIMIZATION_LEVEL = 0;
				GCC_PREPROCESSOR_DEFINITIONS = (
					"DEBUG=1",
					"$(inherited)",
				);
				GCC_WARN_64_TO_32_BIT_CONVERSION = YES;
				GCC_WARN_ABOUT_RETURN_TYPE = YES_ERROR;
				GCC_WARN_UNDECLARED_SELECTOR = YES;
				GCC_WARN_UNINITIALIZED_AUTOS = YES_AGGRESSIVE;
				GCC_WARN_UNUSED_FUNCTION = YES;
				GCC_WARN_UNUSED_VARIABLE = YES;
				IPHONEOS_DEPLOYMENT_TARGET = 14.2;
				MTL_ENABLE_DEBUG_INFO = INCLUDE_SOURCE;
				MTL_FAST_MATH = YES;
				ONLY_ACTIVE_ARCH = YES;
				SDKROOT = iphoneos;
				SWIFT_ACTIVE_COMPILATION_CONDITIONS = DEBUG;
				SWIFT_OPTIMIZATION_LEVEL = "-Onone";
			};
			name = Debug;
		};
		6A31FD5227CF61B700EFECDD /* Release */ = {
			isa = XCBuildConfiguration;
			buildSettings = {
				ALWAYS_SEARCH_USER_PATHS = NO;
				CLANG_ANALYZER_LOCALIZABILITY_NONLOCALIZED = YES;
				CLANG_ANALYZER_NONNULL = YES;
				CLANG_ANALYZER_NUMBER_OBJECT_CONVERSION = YES_AGGRESSIVE;
				CLANG_CXX_LANGUAGE_STANDARD = "gnu++17";
				CLANG_CXX_LIBRARY = "libc++";
				CLANG_ENABLE_MODULES = YES;
				CLANG_ENABLE_OBJC_ARC = YES;
				CLANG_ENABLE_OBJC_WEAK = YES;
				CLANG_WARN_BLOCK_CAPTURE_AUTORELEASING = YES;
				CLANG_WARN_BOOL_CONVERSION = YES;
				CLANG_WARN_COMMA = YES;
				CLANG_WARN_CONSTANT_CONVERSION = YES;
				CLANG_WARN_DEPRECATED_OBJC_IMPLEMENTATIONS = YES;
				CLANG_WARN_DIRECT_OBJC_ISA_USAGE = YES_ERROR;
				CLANG_WARN_DOCUMENTATION_COMMENTS = YES;
				CLANG_WARN_EMPTY_BODY = YES;
				CLANG_WARN_ENUM_CONVERSION = YES;
				CLANG_WARN_INFINITE_RECURSION = YES;
				CLANG_WARN_INT_CONVERSION = YES;
				CLANG_WARN_NON_LITERAL_NULL_CONVERSION = YES;
				CLANG_WARN_OBJC_IMPLICIT_RETAIN_SELF = YES;
				CLANG_WARN_OBJC_LITERAL_CONVERSION = YES;
				CLANG_WARN_OBJC_ROOT_CLASS = YES_ERROR;
				CLANG_WARN_QUOTED_INCLUDE_IN_FRAMEWORK_HEADER = YES;
				CLANG_WARN_RANGE_LOOP_ANALYSIS = YES;
				CLANG_WARN_STRICT_PROTOTYPES = YES;
				CLANG_WARN_SUSPICIOUS_MOVE = YES;
				CLANG_WARN_UNGUARDED_AVAILABILITY = YES_AGGRESSIVE;
				CLANG_WARN_UNREACHABLE_CODE = YES;
				CLANG_WARN__DUPLICATE_METHOD_MATCH = YES;
				COPY_PHASE_STRIP = NO;
				DEBUG_INFORMATION_FORMAT = "dwarf-with-dsym";
				ENABLE_NS_ASSERTIONS = NO;
				ENABLE_STRICT_OBJC_MSGSEND = YES;
				GCC_C_LANGUAGE_STANDARD = gnu11;
				GCC_NO_COMMON_BLOCKS = YES;
				GCC_WARN_64_TO_32_BIT_CONVERSION = YES;
				GCC_WARN_ABOUT_RETURN_TYPE = YES_ERROR;
				GCC_WARN_UNDECLARED_SELECTOR = YES;
				GCC_WARN_UNINITIALIZED_AUTOS = YES_AGGRESSIVE;
				GCC_WARN_UNUSED_FUNCTION = YES;
				GCC_WARN_UNUSED_VARIABLE = YES;
				IPHONEOS_DEPLOYMENT_TARGET = 14.2;
				MTL_ENABLE_DEBUG_INFO = NO;
				MTL_FAST_MATH = YES;
				SDKROOT = iphoneos;
				SWIFT_COMPILATION_MODE = wholemodule;
				SWIFT_OPTIMIZATION_LEVEL = "-O";
				VALIDATE_PRODUCT = YES;
			};
			name = Release;
		};
		6A31FD5427CF61B700EFECDD /* Debug */ = {
			isa = XCBuildConfiguration;
			buildSettings = {
				ASSETCATALOG_COMPILER_APPICON_NAME = AppIcon;
				ASSETCATALOG_COMPILER_GLOBAL_ACCENT_COLOR_NAME = AccentColor;
				CODE_SIGN_STYLE = Automatic;
				CURRENT_PROJECT_VERSION = 1;
				DEVELOPMENT_ASSET_PATHS = "\"Registr/Preview Content\"";
				DEVELOPMENT_TEAM = ZG95YRN77R;
				ENABLE_PREVIEWS = YES;
				GENERATE_INFOPLIST_FILE = YES;
				INFOPLIST_FILE = Registr/Info.plist;
				INFOPLIST_KEY_UIApplicationSceneManifest_Generation = YES;
				INFOPLIST_KEY_UIApplicationSupportsIndirectInputEvents = YES;
				INFOPLIST_KEY_UILaunchScreen_Generation = YES;
				INFOPLIST_KEY_UISupportedInterfaceOrientations_iPad = "UIInterfaceOrientationPortrait UIInterfaceOrientationPortraitUpsideDown UIInterfaceOrientationLandscapeLeft UIInterfaceOrientationLandscapeRight";
				INFOPLIST_KEY_UISupportedInterfaceOrientations_iPhone = "UIInterfaceOrientationPortrait UIInterfaceOrientationLandscapeLeft UIInterfaceOrientationLandscapeRight";
				LD_RUNPATH_SEARCH_PATHS = (
					"$(inherited)",
					"@executable_path/Frameworks",
				);
				MARKETING_VERSION = 1.0;
				PRODUCT_BUNDLE_IDENTIFIER = duyx.Registr;
				PRODUCT_NAME = "$(TARGET_NAME)";
				SWIFT_EMIT_LOC_STRINGS = YES;
				SWIFT_VERSION = 5.0;
				TARGETED_DEVICE_FAMILY = "1,2";
			};
			name = Debug;
		};
		6A31FD5527CF61B700EFECDD /* Release */ = {
			isa = XCBuildConfiguration;
			buildSettings = {
				ASSETCATALOG_COMPILER_APPICON_NAME = AppIcon;
				ASSETCATALOG_COMPILER_GLOBAL_ACCENT_COLOR_NAME = AccentColor;
				CODE_SIGN_STYLE = Automatic;
				CURRENT_PROJECT_VERSION = 1;
				DEVELOPMENT_ASSET_PATHS = "\"Registr/Preview Content\"";
				DEVELOPMENT_TEAM = ZG95YRN77R;
				ENABLE_PREVIEWS = YES;
				GENERATE_INFOPLIST_FILE = YES;
				INFOPLIST_FILE = Registr/Info.plist;
				INFOPLIST_KEY_UIApplicationSceneManifest_Generation = YES;
				INFOPLIST_KEY_UIApplicationSupportsIndirectInputEvents = YES;
				INFOPLIST_KEY_UILaunchScreen_Generation = YES;
				INFOPLIST_KEY_UISupportedInterfaceOrientations_iPad = "UIInterfaceOrientationPortrait UIInterfaceOrientationPortraitUpsideDown UIInterfaceOrientationLandscapeLeft UIInterfaceOrientationLandscapeRight";
				INFOPLIST_KEY_UISupportedInterfaceOrientations_iPhone = "UIInterfaceOrientationPortrait UIInterfaceOrientationLandscapeLeft UIInterfaceOrientationLandscapeRight";
				LD_RUNPATH_SEARCH_PATHS = (
					"$(inherited)",
					"@executable_path/Frameworks",
				);
				MARKETING_VERSION = 1.0;
				PRODUCT_BUNDLE_IDENTIFIER = duyx.Registr;
				PRODUCT_NAME = "$(TARGET_NAME)";
				SWIFT_EMIT_LOC_STRINGS = YES;
				SWIFT_VERSION = 5.0;
				TARGETED_DEVICE_FAMILY = "1,2";
			};
			name = Release;
		};
/* End XCBuildConfiguration section */

/* Begin XCConfigurationList section */
		6A31FD4027CF61B700EFECDD /* Build configuration list for PBXProject "Registr" */ = {
			isa = XCConfigurationList;
			buildConfigurations = (
				6A31FD5127CF61B700EFECDD /* Debug */,
				6A31FD5227CF61B700EFECDD /* Release */,
			);
			defaultConfigurationIsVisible = 0;
			defaultConfigurationName = Release;
		};
		6A31FD5327CF61B700EFECDD /* Build configuration list for PBXNativeTarget "Registr" */ = {
			isa = XCConfigurationList;
			buildConfigurations = (
				6A31FD5427CF61B700EFECDD /* Debug */,
				6A31FD5527CF61B700EFECDD /* Release */,
			);
			defaultConfigurationIsVisible = 0;
			defaultConfigurationName = Release;
		};
/* End XCConfigurationList section */

/* Begin XCRemoteSwiftPackageReference section */
		6AC078D927CF73EB0048F0B1 /* XCRemoteSwiftPackageReference "firebase-ios-sdk" */ = {
			isa = XCRemoteSwiftPackageReference;
			repositoryURL = "https://github.com/firebase/firebase-ios-sdk.git";
			requirement = {
				kind = upToNextMajorVersion;
				minimumVersion = 8.0.0;
			};
		};
/* End XCRemoteSwiftPackageReference section */

/* Begin XCSwiftPackageProductDependency section */
		6AC078DA27CF73EB0048F0B1 /* FirebaseAnalytics */ = {
			isa = XCSwiftPackageProductDependency;
			package = 6AC078D927CF73EB0048F0B1 /* XCRemoteSwiftPackageReference "firebase-ios-sdk" */;
			productName = FirebaseAnalytics;
		};
		6AC078DC27CF73EB0048F0B1 /* FirebaseAuth */ = {
			isa = XCSwiftPackageProductDependency;
			package = 6AC078D927CF73EB0048F0B1 /* XCRemoteSwiftPackageReference "firebase-ios-sdk" */;
			productName = FirebaseAuth;
		};
		6AC078DE27CF73EB0048F0B1 /* FirebaseCrashlytics */ = {
			isa = XCSwiftPackageProductDependency;
			package = 6AC078D927CF73EB0048F0B1 /* XCRemoteSwiftPackageReference "firebase-ios-sdk" */;
			productName = FirebaseCrashlytics;
		};
		6AC078E027CF73EB0048F0B1 /* FirebaseFirestore */ = {
			isa = XCSwiftPackageProductDependency;
			package = 6AC078D927CF73EB0048F0B1 /* XCRemoteSwiftPackageReference "firebase-ios-sdk" */;
			productName = FirebaseFirestore;
		};
/* End XCSwiftPackageProductDependency section */
	};
	rootObject = 6A31FD3D27CF61B700EFECDD /* Project object */;
}
