// !$*UTF8*$!
{
	archiveVersion = 1;
	classes = {
	};
	objectVersion = 55;
	objects = {

/* Begin PBXBuildFile section */
		6A0F34E927D89876001E60D9 /* Poppins-SemiBold.ttf in Resources */ = {isa = PBXBuildFile; fileRef = 6A0F34D627D89875001E60D9 /* Poppins-SemiBold.ttf */; };
		6A0F34EA27D89876001E60D9 /* Poppins-Black.ttf in Resources */ = {isa = PBXBuildFile; fileRef = 6A0F34D727D89875001E60D9 /* Poppins-Black.ttf */; };
		6A0F34EB27D89876001E60D9 /* Poppins-BlackItalic.ttf in Resources */ = {isa = PBXBuildFile; fileRef = 6A0F34D827D89875001E60D9 /* Poppins-BlackItalic.ttf */; };
		6A0F34EC27D89876001E60D9 /* Poppins-Bold.ttf in Resources */ = {isa = PBXBuildFile; fileRef = 6A0F34D927D89876001E60D9 /* Poppins-Bold.ttf */; };
		6A0F34ED27D89876001E60D9 /* Poppins-ExtraBold.ttf in Resources */ = {isa = PBXBuildFile; fileRef = 6A0F34DA27D89876001E60D9 /* Poppins-ExtraBold.ttf */; };
		6A0F34EE27D89876001E60D9 /* Poppins-Regular.ttf in Resources */ = {isa = PBXBuildFile; fileRef = 6A0F34DB27D89876001E60D9 /* Poppins-Regular.ttf */; };
		6A0F34EF27D89876001E60D9 /* Poppins-ThinItalic.ttf in Resources */ = {isa = PBXBuildFile; fileRef = 6A0F34DC27D89876001E60D9 /* Poppins-ThinItalic.ttf */; };
		6A0F34F027D89876001E60D9 /* Poppins-ExtraBoldItalic.ttf in Resources */ = {isa = PBXBuildFile; fileRef = 6A0F34DD27D89876001E60D9 /* Poppins-ExtraBoldItalic.ttf */; };
		6A0F34F127D89876001E60D9 /* Poppins-ExtraLight.ttf in Resources */ = {isa = PBXBuildFile; fileRef = 6A0F34DE27D89876001E60D9 /* Poppins-ExtraLight.ttf */; };
		6A0F34F227D89876001E60D9 /* Poppins-ExtraLightItalic.ttf in Resources */ = {isa = PBXBuildFile; fileRef = 6A0F34DF27D89876001E60D9 /* Poppins-ExtraLightItalic.ttf */; };
		6A0F34F327D89876001E60D9 /* Poppins-MediumItalic.ttf in Resources */ = {isa = PBXBuildFile; fileRef = 6A0F34E027D89876001E60D9 /* Poppins-MediumItalic.ttf */; };
		6A0F34F427D89876001E60D9 /* Poppins-Medium.ttf in Resources */ = {isa = PBXBuildFile; fileRef = 6A0F34E127D89876001E60D9 /* Poppins-Medium.ttf */; };
		6A0F34F527D89876001E60D9 /* Poppins-SemiBoldItalic.ttf in Resources */ = {isa = PBXBuildFile; fileRef = 6A0F34E227D89876001E60D9 /* Poppins-SemiBoldItalic.ttf */; };
		6A0F34F627D89876001E60D9 /* OFL.txt in Resources */ = {isa = PBXBuildFile; fileRef = 6A0F34E327D89876001E60D9 /* OFL.txt */; };
		6A0F34F727D89876001E60D9 /* Poppins-Thin.ttf in Resources */ = {isa = PBXBuildFile; fileRef = 6A0F34E427D89876001E60D9 /* Poppins-Thin.ttf */; };
		6A0F34F827D89876001E60D9 /* Poppins-LightItalic.ttf in Resources */ = {isa = PBXBuildFile; fileRef = 6A0F34E527D89876001E60D9 /* Poppins-LightItalic.ttf */; };
		6A0F34F927D89876001E60D9 /* Poppins-Italic.ttf in Resources */ = {isa = PBXBuildFile; fileRef = 6A0F34E627D89876001E60D9 /* Poppins-Italic.ttf */; };
		6A0F34FA27D89876001E60D9 /* Poppins-Light.ttf in Resources */ = {isa = PBXBuildFile; fileRef = 6A0F34E727D89876001E60D9 /* Poppins-Light.ttf */; };
		6A0F34FB27D89876001E60D9 /* Poppins-BoldItalic.ttf in Resources */ = {isa = PBXBuildFile; fileRef = 6A0F34E827D89876001E60D9 /* Poppins-BoldItalic.ttf */; };
		6A0F34FD27D8A870001E60D9 /* Report.swift in Sources */ = {isa = PBXBuildFile; fileRef = 6A0F34FC27D8A870001E60D9 /* Report.swift */; };
		6A0F34FF27D8A943001E60D9 /* Class.swift in Sources */ = {isa = PBXBuildFile; fileRef = 6A0F34FE27D8A943001E60D9 /* Class.swift */; };
		6A0F350127D8A9F9001E60D9 /* Absence.swift in Sources */ = {isa = PBXBuildFile; fileRef = 6A0F350027D8A9F9001E60D9 /* Absence.swift */; };
		6A0F350327D8C8A9001E60D9 /* Registration.swift in Sources */ = {isa = PBXBuildFile; fileRef = 6A0F350227D8C8A9001E60D9 /* Registration.swift */; };
		6A0F350627D8E717001E60D9 /* FirebaseFirestoreSwift-Beta in Frameworks */ = {isa = PBXBuildFile; productRef = 6A0F350527D8E717001E60D9 /* FirebaseFirestoreSwift-Beta */; };
		6A0F350827DA0CF7001E60D9 /* RegistrationManager.swift in Sources */ = {isa = PBXBuildFile; fileRef = 6A0F350727DA0CF7001E60D9 /* RegistrationManager.swift */; };
		6A0F350A27DA3338001E60D9 /* ReportManager.swift in Sources */ = {isa = PBXBuildFile; fileRef = 6A0F350927DA3338001E60D9 /* ReportManager.swift */; };
		6A0F350C27DB5395001E60D9 /* Student.swift in Sources */ = {isa = PBXBuildFile; fileRef = 6A0F350B27DB5395001E60D9 /* Student.swift */; };
		6A31FD4927CF61B700EFECDD /* RegistrApp.swift in Sources */ = {isa = PBXBuildFile; fileRef = 6A31FD4827CF61B700EFECDD /* RegistrApp.swift */; };
		6A31FD4D27CF61B700EFECDD /* Assets.xcassets in Resources */ = {isa = PBXBuildFile; fileRef = 6A31FD4C27CF61B700EFECDD /* Assets.xcassets */; };
		6A31FD5027CF61B700EFECDD /* Preview Assets.xcassets in Resources */ = {isa = PBXBuildFile; fileRef = 6A31FD4F27CF61B700EFECDD /* Preview Assets.xcassets */; };
		6A5607C627EB2A12000EED0C /* LoginOptions.swift in Sources */ = {isa = PBXBuildFile; fileRef = 6A5607C527EB2A12000EED0C /* LoginOptions.swift */; };
		6A5607CA27EB2A5C000EED0C /* LoginUserID.swift in Sources */ = {isa = PBXBuildFile; fileRef = 6A5607C927EB2A5C000EED0C /* LoginUserID.swift */; };
		6A5607D027EB2B36000EED0C /* LoginPassword.swift in Sources */ = {isa = PBXBuildFile; fileRef = 6A5607CF27EB2B36000EED0C /* LoginPassword.swift */; };
		6A63250F27EB565D000EF260 /* DefaultsManager.swift in Sources */ = {isa = PBXBuildFile; fileRef = 6A63250E27EB565D000EF260 /* DefaultsManager.swift */; };
		6A63251127ECAB37000EF260 /* Date+Extensions.swift in Sources */ = {isa = PBXBuildFile; fileRef = 6A63251027ECAB37000EF260 /* Date+Extensions.swift */; };
		6AC078DB27CF73EB0048F0B1 /* FirebaseAnalytics in Frameworks */ = {isa = PBXBuildFile; productRef = 6AC078DA27CF73EB0048F0B1 /* FirebaseAnalytics */; };
		6AC078DD27CF73EB0048F0B1 /* FirebaseAuth in Frameworks */ = {isa = PBXBuildFile; productRef = 6AC078DC27CF73EB0048F0B1 /* FirebaseAuth */; };
		6AC078DF27CF73EB0048F0B1 /* FirebaseCrashlytics in Frameworks */ = {isa = PBXBuildFile; productRef = 6AC078DE27CF73EB0048F0B1 /* FirebaseCrashlytics */; };
		6AC078E127CF73EB0048F0B1 /* FirebaseFirestore in Frameworks */ = {isa = PBXBuildFile; productRef = 6AC078E027CF73EB0048F0B1 /* FirebaseFirestore */; };
		6AC078E327CF88C20048F0B1 /* GoogleService-Info.plist in Resources */ = {isa = PBXBuildFile; fileRef = 6AC078E227CF88C20048F0B1 /* GoogleService-Info.plist */; };
		6AC078E727CF8D0B0048F0B1 /* AuthenticationManager.swift in Sources */ = {isa = PBXBuildFile; fileRef = 6AC078E627CF8D0B0048F0B1 /* AuthenticationManager.swift */; };
		6AC078EB27CF97340048F0B1 /* UserManager.swift in Sources */ = {isa = PBXBuildFile; fileRef = 6AC078EA27CF97340048F0B1 /* UserManager.swift */; };
		6AC078ED27CF9A8C0048F0B1 /* UserProfile.swift in Sources */ = {isa = PBXBuildFile; fileRef = 6AC078EC27CF9A8C0048F0B1 /* UserProfile.swift */; };
		6AC078F227D0BA420048F0B1 /* String+Extensions.swift in Sources */ = {isa = PBXBuildFile; fileRef = 6AC078F127D0BA420048F0B1 /* String+Extensions.swift */; };
		830FD5C227F4829600F87E0D /* DateFormatter+Extensions.swift in Sources */ = {isa = PBXBuildFile; fileRef = 830FD5C127F4829600F87E0D /* DateFormatter+Extensions.swift */; };
		8348592427CF8C3D009D8A51 /* FontStyles.swift in Sources */ = {isa = PBXBuildFile; fileRef = 8348592327CF8C3D009D8A51 /* FontStyles.swift */; };
		8348592627CF8C7F009D8A51 /* Color.swift in Sources */ = {isa = PBXBuildFile; fileRef = 8348592527CF8C7F009D8A51 /* Color.swift */; };
		8348592827CF8D1C009D8A51 /* Resources.swift in Sources */ = {isa = PBXBuildFile; fileRef = 8348592727CF8D1C009D8A51 /* Resources.swift */; };
		8348592A27CF912E009D8A51 /* FontSizes.swift in Sources */ = {isa = PBXBuildFile; fileRef = 8348592927CF912E009D8A51 /* FontSizes.swift */; };
		8348592C27CF92DB009D8A51 /* ButtonStyle.swift in Sources */ = {isa = PBXBuildFile; fileRef = 8348592B27CF92DB009D8A51 /* ButtonStyle.swift */; };
		8348592E27CF9C4C009D8A51 /* BackgroundGradient.swift in Sources */ = {isa = PBXBuildFile; fileRef = 8348592D27CF9C4C009D8A51 /* BackgroundGradient.swift */; };
		836F149F27E35FF200FEFCB3 /* HalfSheet.swift in Sources */ = {isa = PBXBuildFile; fileRef = 836F149E27E35FF200FEFCB3 /* HalfSheet.swift */; };
		8387E78127E1DACD0060C12D /* StudentAbsenceView.swift in Sources */ = {isa = PBXBuildFile; fileRef = 8387E78027E1DACD0060C12D /* StudentAbsenceView.swift */; };
		8387E78727E1FA660060C12D /* NavigationAndTabbarAppearance.swift in Sources */ = {isa = PBXBuildFile; fileRef = 8387E78627E1FA660060C12D /* NavigationAndTabbarAppearance.swift */; };
		8387E78927E215BF0060C12D /* StudentClassListView.swift in Sources */ = {isa = PBXBuildFile; fileRef = 8387E78827E215BF0060C12D /* StudentClassListView.swift */; };
		8391A8DC27D8BBD700B5C698 /* OnboardingFlowControllerView.swift in Sources */ = {isa = PBXBuildFile; fileRef = 8391A8DB27D8BBD700B5C698 /* OnboardingFlowControllerView.swift */; };
		8391A8DE27D8C59900B5C698 /* OnboardFlowView.swift in Sources */ = {isa = PBXBuildFile; fileRef = 8391A8DD27D8C59900B5C698 /* OnboardFlowView.swift */; };
		8391A8E027D8FD6100B5C698 /* OnboardingControllerFlow.swift in Sources */ = {isa = PBXBuildFile; fileRef = 8391A8DF27D8FD6100B5C698 /* OnboardingControllerFlow.swift */; };
		8391A8EE27DA2DA400B5C698 /* RegisterView.swift in Sources */ = {isa = PBXBuildFile; fileRef = 8391A8ED27DA2DA400B5C698 /* RegisterView.swift */; };
		8391A8F327DA2DC400B5C698 /* ProfileView.swift in Sources */ = {isa = PBXBuildFile; fileRef = 8391A8F227DA2DC400B5C698 /* ProfileView.swift */; };
		8391A8F727DA2DEE00B5C698 /* TeacherHomeScreenView.swift in Sources */ = {isa = PBXBuildFile; fileRef = 8391A8F627DA2DEE00B5C698 /* TeacherHomeScreenView.swift */; };
		8391A8F927DA2DFD00B5C698 /* TabViewView.swift in Sources */ = {isa = PBXBuildFile; fileRef = 8391A8F827DA2DFD00B5C698 /* TabViewView.swift */; };
		8391A8FB27DB5BED00B5C698 /* ParentHomeScreenView.swift in Sources */ = {isa = PBXBuildFile; fileRef = 8391A8FA27DB5BED00B5C698 /* ParentHomeScreenView.swift */; };
		83BB1B4927EC647E002FF81E /* ClassListView.swift in Sources */ = {isa = PBXBuildFile; fileRef = 83BB1B4827EC647E002FF81E /* ClassListView.swift */; };
		83BB1B4B27EC6A0C002FF81E /* StatisticsView.swift in Sources */ = {isa = PBXBuildFile; fileRef = 83BB1B4A27EC6A0C002FF81E /* StatisticsView.swift */; };
		83BB1B5127ECA827002FF81E /* SwiftUICharts in Frameworks */ = {isa = PBXBuildFile; productRef = 83BB1B5027ECA827002FF81E /* SwiftUICharts */; };
		83BB1B5327EDB925002FF81E /* StudentListView.swift in Sources */ = {isa = PBXBuildFile; fileRef = 83BB1B5227EDB925002FF81E /* StudentListView.swift */; };
		83BB1B5B27EDFBF3002FF81E /* LaunchScreen.storyboard in Resources */ = {isa = PBXBuildFile; fileRef = 83BB1B5A27EDFBF3002FF81E /* LaunchScreen.storyboard */; };
		83BB1B6127EE0D03002FF81E /* AbsenceHistoryView.swift in Sources */ = {isa = PBXBuildFile; fileRef = 83BB1B6027EE0D03002FF81E /* AbsenceHistoryView.swift */; };
		83D5016527CF75240083AEE7 /* Localizable.strings in Resources */ = {isa = PBXBuildFile; fileRef = 83D5016727CF75240083AEE7 /* Localizable.strings */; };
/* End PBXBuildFile section */

/* Begin PBXFileReference section */
		6A0F34D627D89875001E60D9 /* Poppins-SemiBold.ttf */ = {isa = PBXFileReference; lastKnownFileType = file; path = "Poppins-SemiBold.ttf"; sourceTree = "<group>"; };
		6A0F34D727D89875001E60D9 /* Poppins-Black.ttf */ = {isa = PBXFileReference; lastKnownFileType = file; path = "Poppins-Black.ttf"; sourceTree = "<group>"; };
		6A0F34D827D89875001E60D9 /* Poppins-BlackItalic.ttf */ = {isa = PBXFileReference; lastKnownFileType = file; path = "Poppins-BlackItalic.ttf"; sourceTree = "<group>"; };
		6A0F34D927D89876001E60D9 /* Poppins-Bold.ttf */ = {isa = PBXFileReference; lastKnownFileType = file; path = "Poppins-Bold.ttf"; sourceTree = "<group>"; };
		6A0F34DA27D89876001E60D9 /* Poppins-ExtraBold.ttf */ = {isa = PBXFileReference; lastKnownFileType = file; path = "Poppins-ExtraBold.ttf"; sourceTree = "<group>"; };
		6A0F34DB27D89876001E60D9 /* Poppins-Regular.ttf */ = {isa = PBXFileReference; lastKnownFileType = file; path = "Poppins-Regular.ttf"; sourceTree = "<group>"; };
		6A0F34DC27D89876001E60D9 /* Poppins-ThinItalic.ttf */ = {isa = PBXFileReference; lastKnownFileType = file; path = "Poppins-ThinItalic.ttf"; sourceTree = "<group>"; };
		6A0F34DD27D89876001E60D9 /* Poppins-ExtraBoldItalic.ttf */ = {isa = PBXFileReference; lastKnownFileType = file; path = "Poppins-ExtraBoldItalic.ttf"; sourceTree = "<group>"; };
		6A0F34DE27D89876001E60D9 /* Poppins-ExtraLight.ttf */ = {isa = PBXFileReference; lastKnownFileType = file; path = "Poppins-ExtraLight.ttf"; sourceTree = "<group>"; };
		6A0F34DF27D89876001E60D9 /* Poppins-ExtraLightItalic.ttf */ = {isa = PBXFileReference; lastKnownFileType = file; path = "Poppins-ExtraLightItalic.ttf"; sourceTree = "<group>"; };
		6A0F34E027D89876001E60D9 /* Poppins-MediumItalic.ttf */ = {isa = PBXFileReference; lastKnownFileType = file; path = "Poppins-MediumItalic.ttf"; sourceTree = "<group>"; };
		6A0F34E127D89876001E60D9 /* Poppins-Medium.ttf */ = {isa = PBXFileReference; lastKnownFileType = file; path = "Poppins-Medium.ttf"; sourceTree = "<group>"; };
		6A0F34E227D89876001E60D9 /* Poppins-SemiBoldItalic.ttf */ = {isa = PBXFileReference; lastKnownFileType = file; path = "Poppins-SemiBoldItalic.ttf"; sourceTree = "<group>"; };
		6A0F34E327D89876001E60D9 /* OFL.txt */ = {isa = PBXFileReference; fileEncoding = 4; lastKnownFileType = text; path = OFL.txt; sourceTree = "<group>"; };
		6A0F34E427D89876001E60D9 /* Poppins-Thin.ttf */ = {isa = PBXFileReference; lastKnownFileType = file; path = "Poppins-Thin.ttf"; sourceTree = "<group>"; };
		6A0F34E527D89876001E60D9 /* Poppins-LightItalic.ttf */ = {isa = PBXFileReference; lastKnownFileType = file; path = "Poppins-LightItalic.ttf"; sourceTree = "<group>"; };
		6A0F34E627D89876001E60D9 /* Poppins-Italic.ttf */ = {isa = PBXFileReference; lastKnownFileType = file; path = "Poppins-Italic.ttf"; sourceTree = "<group>"; };
		6A0F34E727D89876001E60D9 /* Poppins-Light.ttf */ = {isa = PBXFileReference; lastKnownFileType = file; path = "Poppins-Light.ttf"; sourceTree = "<group>"; };
		6A0F34E827D89876001E60D9 /* Poppins-BoldItalic.ttf */ = {isa = PBXFileReference; lastKnownFileType = file; path = "Poppins-BoldItalic.ttf"; sourceTree = "<group>"; };
		6A0F34FC27D8A870001E60D9 /* Report.swift */ = {isa = PBXFileReference; lastKnownFileType = sourcecode.swift; path = Report.swift; sourceTree = "<group>"; };
		6A0F34FE27D8A943001E60D9 /* Class.swift */ = {isa = PBXFileReference; lastKnownFileType = sourcecode.swift; path = Class.swift; sourceTree = "<group>"; };
		6A0F350027D8A9F9001E60D9 /* Absence.swift */ = {isa = PBXFileReference; lastKnownFileType = sourcecode.swift; path = Absence.swift; sourceTree = "<group>"; };
		6A0F350227D8C8A9001E60D9 /* Registration.swift */ = {isa = PBXFileReference; lastKnownFileType = sourcecode.swift; path = Registration.swift; sourceTree = "<group>"; };
		6A0F350727DA0CF7001E60D9 /* RegistrationManager.swift */ = {isa = PBXFileReference; lastKnownFileType = sourcecode.swift; path = RegistrationManager.swift; sourceTree = "<group>"; };
		6A0F350927DA3338001E60D9 /* ReportManager.swift */ = {isa = PBXFileReference; lastKnownFileType = sourcecode.swift; path = ReportManager.swift; sourceTree = "<group>"; };
		6A0F350B27DB5395001E60D9 /* Student.swift */ = {isa = PBXFileReference; lastKnownFileType = sourcecode.swift; path = Student.swift; sourceTree = "<group>"; };
		6A31FD4527CF61B700EFECDD /* Registr.app */ = {isa = PBXFileReference; explicitFileType = wrapper.application; includeInIndex = 0; path = Registr.app; sourceTree = BUILT_PRODUCTS_DIR; };
		6A31FD4827CF61B700EFECDD /* RegistrApp.swift */ = {isa = PBXFileReference; lastKnownFileType = sourcecode.swift; path = RegistrApp.swift; sourceTree = "<group>"; };
		6A31FD4C27CF61B700EFECDD /* Assets.xcassets */ = {isa = PBXFileReference; lastKnownFileType = folder.assetcatalog; path = Assets.xcassets; sourceTree = "<group>"; };
		6A31FD4F27CF61B700EFECDD /* Preview Assets.xcassets */ = {isa = PBXFileReference; lastKnownFileType = folder.assetcatalog; path = "Preview Assets.xcassets"; sourceTree = "<group>"; };
		6A5607C527EB2A12000EED0C /* LoginOptions.swift */ = {isa = PBXFileReference; lastKnownFileType = sourcecode.swift; path = LoginOptions.swift; sourceTree = "<group>"; };
		6A5607C927EB2A5C000EED0C /* LoginUserID.swift */ = {isa = PBXFileReference; lastKnownFileType = sourcecode.swift; path = LoginUserID.swift; sourceTree = "<group>"; };
		6A5607CF27EB2B36000EED0C /* LoginPassword.swift */ = {isa = PBXFileReference; lastKnownFileType = sourcecode.swift; path = LoginPassword.swift; sourceTree = "<group>"; };
		6A63250E27EB565D000EF260 /* DefaultsManager.swift */ = {isa = PBXFileReference; lastKnownFileType = sourcecode.swift; path = DefaultsManager.swift; sourceTree = "<group>"; };
		6A63251027ECAB37000EF260 /* Date+Extensions.swift */ = {isa = PBXFileReference; lastKnownFileType = sourcecode.swift; path = "Date+Extensions.swift"; sourceTree = "<group>"; };
		6AC078E227CF88C20048F0B1 /* GoogleService-Info.plist */ = {isa = PBXFileReference; fileEncoding = 4; lastKnownFileType = text.plist.xml; path = "GoogleService-Info.plist"; sourceTree = "<group>"; };
		6AC078E627CF8D0B0048F0B1 /* AuthenticationManager.swift */ = {isa = PBXFileReference; lastKnownFileType = sourcecode.swift; path = AuthenticationManager.swift; sourceTree = "<group>"; };
		6AC078EA27CF97340048F0B1 /* UserManager.swift */ = {isa = PBXFileReference; lastKnownFileType = sourcecode.swift; path = UserManager.swift; sourceTree = "<group>"; };
		6AC078EC27CF9A8C0048F0B1 /* UserProfile.swift */ = {isa = PBXFileReference; lastKnownFileType = sourcecode.swift; path = UserProfile.swift; sourceTree = "<group>"; };
		6AC078F127D0BA420048F0B1 /* String+Extensions.swift */ = {isa = PBXFileReference; lastKnownFileType = sourcecode.swift; path = "String+Extensions.swift"; sourceTree = "<group>"; };
		830FD5C127F4829600F87E0D /* DateFormatter+Extensions.swift */ = {isa = PBXFileReference; lastKnownFileType = sourcecode.swift; path = "DateFormatter+Extensions.swift"; sourceTree = "<group>"; };
		8348592327CF8C3D009D8A51 /* FontStyles.swift */ = {isa = PBXFileReference; lastKnownFileType = sourcecode.swift; path = FontStyles.swift; sourceTree = "<group>"; };
		8348592527CF8C7F009D8A51 /* Color.swift */ = {isa = PBXFileReference; lastKnownFileType = sourcecode.swift; path = Color.swift; sourceTree = "<group>"; };
		8348592727CF8D1C009D8A51 /* Resources.swift */ = {isa = PBXFileReference; lastKnownFileType = sourcecode.swift; path = Resources.swift; sourceTree = "<group>"; };
		8348592927CF912E009D8A51 /* FontSizes.swift */ = {isa = PBXFileReference; lastKnownFileType = sourcecode.swift; path = FontSizes.swift; sourceTree = "<group>"; };
		8348592B27CF92DB009D8A51 /* ButtonStyle.swift */ = {isa = PBXFileReference; lastKnownFileType = sourcecode.swift; path = ButtonStyle.swift; sourceTree = "<group>"; };
		8348592D27CF9C4C009D8A51 /* BackgroundGradient.swift */ = {isa = PBXFileReference; lastKnownFileType = sourcecode.swift; path = BackgroundGradient.swift; sourceTree = "<group>"; };
		8348593127CFAE1D009D8A51 /* Info.plist */ = {isa = PBXFileReference; lastKnownFileType = text.plist; path = Info.plist; sourceTree = "<group>"; };
		836F149E27E35FF200FEFCB3 /* HalfSheet.swift */ = {isa = PBXFileReference; lastKnownFileType = sourcecode.swift; path = HalfSheet.swift; sourceTree = "<group>"; };
		8387E78027E1DACD0060C12D /* StudentAbsenceView.swift */ = {isa = PBXFileReference; lastKnownFileType = sourcecode.swift; path = StudentAbsenceView.swift; sourceTree = "<group>"; };
		8387E78627E1FA660060C12D /* NavigationAndTabbarAppearance.swift */ = {isa = PBXFileReference; lastKnownFileType = sourcecode.swift; path = NavigationAndTabbarAppearance.swift; sourceTree = "<group>"; };
		8387E78827E215BF0060C12D /* StudentClassListView.swift */ = {isa = PBXFileReference; lastKnownFileType = sourcecode.swift; path = StudentClassListView.swift; sourceTree = "<group>"; };
		8391A8DB27D8BBD700B5C698 /* OnboardingFlowControllerView.swift */ = {isa = PBXFileReference; lastKnownFileType = sourcecode.swift; path = OnboardingFlowControllerView.swift; sourceTree = "<group>"; };
		8391A8DD27D8C59900B5C698 /* OnboardFlowView.swift */ = {isa = PBXFileReference; lastKnownFileType = sourcecode.swift; path = OnboardFlowView.swift; sourceTree = "<group>"; };
		8391A8DF27D8FD6100B5C698 /* OnboardingControllerFlow.swift */ = {isa = PBXFileReference; lastKnownFileType = sourcecode.swift; path = OnboardingControllerFlow.swift; sourceTree = "<group>"; };
		8391A8ED27DA2DA400B5C698 /* RegisterView.swift */ = {isa = PBXFileReference; lastKnownFileType = sourcecode.swift; path = RegisterView.swift; sourceTree = "<group>"; };
		8391A8F227DA2DC400B5C698 /* ProfileView.swift */ = {isa = PBXFileReference; lastKnownFileType = sourcecode.swift; path = ProfileView.swift; sourceTree = "<group>"; };
		8391A8F627DA2DEE00B5C698 /* TeacherHomeScreenView.swift */ = {isa = PBXFileReference; lastKnownFileType = sourcecode.swift; path = TeacherHomeScreenView.swift; sourceTree = "<group>"; };
		8391A8F827DA2DFD00B5C698 /* TabViewView.swift */ = {isa = PBXFileReference; lastKnownFileType = sourcecode.swift; path = TabViewView.swift; sourceTree = "<group>"; };
		8391A8FA27DB5BED00B5C698 /* ParentHomeScreenView.swift */ = {isa = PBXFileReference; lastKnownFileType = sourcecode.swift; path = ParentHomeScreenView.swift; sourceTree = "<group>"; };
		83BB1B4827EC647E002FF81E /* ClassListView.swift */ = {isa = PBXFileReference; lastKnownFileType = sourcecode.swift; path = ClassListView.swift; sourceTree = "<group>"; };
		83BB1B4A27EC6A0C002FF81E /* StatisticsView.swift */ = {isa = PBXFileReference; lastKnownFileType = sourcecode.swift; path = StatisticsView.swift; sourceTree = "<group>"; };
		83BB1B5227EDB925002FF81E /* StudentListView.swift */ = {isa = PBXFileReference; lastKnownFileType = sourcecode.swift; path = StudentListView.swift; sourceTree = "<group>"; };
		83BB1B5A27EDFBF3002FF81E /* LaunchScreen.storyboard */ = {isa = PBXFileReference; lastKnownFileType = file.storyboard; path = LaunchScreen.storyboard; sourceTree = "<group>"; };
		83BB1B6027EE0D03002FF81E /* AbsenceHistoryView.swift */ = {isa = PBXFileReference; lastKnownFileType = sourcecode.swift; path = AbsenceHistoryView.swift; sourceTree = "<group>"; };
		83D5016827CF75480083AEE7 /* da */ = {isa = PBXFileReference; lastKnownFileType = text.plist.strings; name = da; path = da.lproj/Localizable.strings; sourceTree = "<group>"; };
/* End PBXFileReference section */

/* Begin PBXFrameworksBuildPhase section */
		6A31FD4227CF61B700EFECDD /* Frameworks */ = {
			isa = PBXFrameworksBuildPhase;
			buildActionMask = 2147483647;
			files = (
				6AC078DF27CF73EB0048F0B1 /* FirebaseCrashlytics in Frameworks */,
				6AC078E127CF73EB0048F0B1 /* FirebaseFirestore in Frameworks */,
				6A0F350627D8E717001E60D9 /* FirebaseFirestoreSwift-Beta in Frameworks */,
				83BB1B5127ECA827002FF81E /* SwiftUICharts in Frameworks */,
				6AC078DB27CF73EB0048F0B1 /* FirebaseAnalytics in Frameworks */,
				6AC078DD27CF73EB0048F0B1 /* FirebaseAuth in Frameworks */,
			);
			runOnlyForDeploymentPostprocessing = 0;
		};
/* End PBXFrameworksBuildPhase section */

/* Begin PBXGroup section */
		6A0F350427D8E717001E60D9 /* Frameworks */ = {
			isa = PBXGroup;
			children = (
			);
			name = Frameworks;
			sourceTree = "<group>";
		};
		6A31FD3C27CF61B700EFECDD = {
			isa = PBXGroup;
			children = (
				6A31FD4727CF61B700EFECDD /* Registr */,
				6A31FD4627CF61B700EFECDD /* Products */,
				6A0F350427D8E717001E60D9 /* Frameworks */,
			);
			sourceTree = "<group>";
		};
		6A31FD4627CF61B700EFECDD /* Products */ = {
			isa = PBXGroup;
			children = (
				6A31FD4527CF61B700EFECDD /* Registr.app */,
			);
			name = Products;
			sourceTree = "<group>";
		};
		6A31FD4727CF61B700EFECDD /* Registr */ = {
			isa = PBXGroup;
			children = (
				8391A8E827DA2D4900B5C698 /* Views */,
				8348593127CFAE1D009D8A51 /* Info.plist */,
				8348592227CF8C24009D8A51 /* Resources */,
				6A31FD4827CF61B700EFECDD /* RegistrApp.swift */,
				83D5016727CF75240083AEE7 /* Localizable.strings */,
				6A31FD4C27CF61B700EFECDD /* Assets.xcassets */,
				6AC078E227CF88C20048F0B1 /* GoogleService-Info.plist */,
				6AC078EE27CF9A920048F0B1 /* Models */,
				6AC078E827CF8D0F0048F0B1 /* Managers */,
				6A31FD4E27CF61B700EFECDD /* Preview Content */,
				6AC078F327D0BA470048F0B1 /* Extensions */,
			);
			path = Registr;
			sourceTree = "<group>";
		};
		6A31FD4E27CF61B700EFECDD /* Preview Content */ = {
			isa = PBXGroup;
			children = (
				6A31FD4F27CF61B700EFECDD /* Preview Assets.xcassets */,
			);
			path = "Preview Content";
			sourceTree = "<group>";
		};
		6AC078E827CF8D0F0048F0B1 /* Managers */ = {
			isa = PBXGroup;
			children = (
				6AC078E627CF8D0B0048F0B1 /* AuthenticationManager.swift */,
				6A0F350727DA0CF7001E60D9 /* RegistrationManager.swift */,
				6AC078EA27CF97340048F0B1 /* UserManager.swift */,
				6A0F350927DA3338001E60D9 /* ReportManager.swift */,
				6A63250E27EB565D000EF260 /* DefaultsManager.swift */,
			);
			path = Managers;
			sourceTree = "<group>";
		};
		6AC078EE27CF9A920048F0B1 /* Models */ = {
			isa = PBXGroup;
			children = (
				6AC078EC27CF9A8C0048F0B1 /* UserProfile.swift */,
				6A0F34FC27D8A870001E60D9 /* Report.swift */,
				6A0F34FE27D8A943001E60D9 /* Class.swift */,
				6A0F350027D8A9F9001E60D9 /* Absence.swift */,
				6A0F350227D8C8A9001E60D9 /* Registration.swift */,
				6A0F350B27DB5395001E60D9 /* Student.swift */,
			);
			path = Models;
			sourceTree = "<group>";
		};
		6AC078F327D0BA470048F0B1 /* Extensions */ = {
			isa = PBXGroup;
			children = (
				6AC078F127D0BA420048F0B1 /* String+Extensions.swift */,
				6A63251027ECAB37000EF260 /* Date+Extensions.swift */,
				830FD5C127F4829600F87E0D /* DateFormatter+Extensions.swift */,
			);
			path = Extensions;
			sourceTree = "<group>";
		};
		8348592127CF8830009D8A51 /* Login */ = {
			isa = PBXGroup;
			children = (
				8348596227D216F6009D8A51 /* Onboarding */,
				6A5607C927EB2A5C000EED0C /* LoginUserID.swift */,
				6A5607C527EB2A12000EED0C /* LoginOptions.swift */,
				6A5607CF27EB2B36000EED0C /* LoginPassword.swift */,
			);
			name = Login;
			path = ../Login;
			sourceTree = "<group>";
		};
		8348592227CF8C24009D8A51 /* Resources */ = {
			isa = PBXGroup;
			children = (
				8348593327CFB327009D8A51 /* Poppins */,
			);
			path = Resources;
			sourceTree = "<group>";
		};
		8348593327CFB327009D8A51 /* Poppins */ = {
			isa = PBXGroup;
			children = (
				6A0F34E327D89876001E60D9 /* OFL.txt */,
				6A0F34D727D89875001E60D9 /* Poppins-Black.ttf */,
				6A0F34D827D89875001E60D9 /* Poppins-BlackItalic.ttf */,
				6A0F34D927D89876001E60D9 /* Poppins-Bold.ttf */,
				6A0F34E827D89876001E60D9 /* Poppins-BoldItalic.ttf */,
				6A0F34DA27D89876001E60D9 /* Poppins-ExtraBold.ttf */,
				6A0F34DD27D89876001E60D9 /* Poppins-ExtraBoldItalic.ttf */,
				6A0F34DE27D89876001E60D9 /* Poppins-ExtraLight.ttf */,
				6A0F34DF27D89876001E60D9 /* Poppins-ExtraLightItalic.ttf */,
				6A0F34E627D89876001E60D9 /* Poppins-Italic.ttf */,
				6A0F34E727D89876001E60D9 /* Poppins-Light.ttf */,
				6A0F34E527D89876001E60D9 /* Poppins-LightItalic.ttf */,
				6A0F34E127D89876001E60D9 /* Poppins-Medium.ttf */,
				6A0F34E027D89876001E60D9 /* Poppins-MediumItalic.ttf */,
				6A0F34DB27D89876001E60D9 /* Poppins-Regular.ttf */,
				6A0F34D627D89875001E60D9 /* Poppins-SemiBold.ttf */,
				6A0F34E227D89876001E60D9 /* Poppins-SemiBoldItalic.ttf */,
				6A0F34E427D89876001E60D9 /* Poppins-Thin.ttf */,
				6A0F34DC27D89876001E60D9 /* Poppins-ThinItalic.ttf */,
			);
			name = Poppins;
			sourceTree = "<group>";
		};
		8348596227D216F6009D8A51 /* Onboarding */ = {
			isa = PBXGroup;
			children = (
				8391A8DB27D8BBD700B5C698 /* OnboardingFlowControllerView.swift */,
				8391A8DD27D8C59900B5C698 /* OnboardFlowView.swift */,
				8391A8DF27D8FD6100B5C698 /* OnboardingControllerFlow.swift */,
			);
			path = Onboarding;
			sourceTree = "<group>";
		};
		8391A8E827DA2D4900B5C698 /* Views */ = {
			isa = PBXGroup;
			children = (
				83BB1B4727EC6438002FF81E /* Statistics */,
				83BB1B4627EC616B002FF81E /* Shared */,
				8348592127CF8830009D8A51 /* Login */,
				8391A8EC27DA2D7600B5C698 /* Register */,
				8391A8EB27DA2D7100B5C698 /* Home */,
				8391A8EA27DA2D6600B5C698 /* Profile */,
				8391A8E927DA2D5D00B5C698 /* TabView */,
				83BB1B5A27EDFBF3002FF81E /* LaunchScreen.storyboard */,
			);
			path = Views;
			sourceTree = "<group>";
		};
		8391A8E927DA2D5D00B5C698 /* TabView */ = {
			isa = PBXGroup;
			children = (
				8391A8F827DA2DFD00B5C698 /* TabViewView.swift */,
			);
			path = TabView;
			sourceTree = "<group>";
		};
		8391A8EA27DA2D6600B5C698 /* Profile */ = {
			isa = PBXGroup;
			children = (
				8391A8F227DA2DC400B5C698 /* ProfileView.swift */,
			);
			path = Profile;
			sourceTree = "<group>";
		};
		8391A8EB27DA2D7100B5C698 /* Home */ = {
			isa = PBXGroup;
			children = (
				8387E78027E1DACD0060C12D /* StudentAbsenceView.swift */,
				8391A8F627DA2DEE00B5C698 /* TeacherHomeScreenView.swift */,
				8391A8FA27DB5BED00B5C698 /* ParentHomeScreenView.swift */,
			);
			path = Home;
			sourceTree = "<group>";
		};
		8391A8EC27DA2D7600B5C698 /* Register */ = {
			isa = PBXGroup;
			children = (
				8391A8ED27DA2DA400B5C698 /* RegisterView.swift */,
				8387E78827E215BF0060C12D /* StudentClassListView.swift */,
			);
			path = Register;
			sourceTree = "<group>";
		};
		83BB1B4627EC616B002FF81E /* Shared */ = {
			isa = PBXGroup;
			children = (
				8348592327CF8C3D009D8A51 /* FontStyles.swift */,
				8348592527CF8C7F009D8A51 /* Color.swift */,
				8348592727CF8D1C009D8A51 /* Resources.swift */,
				8348592927CF912E009D8A51 /* FontSizes.swift */,
				8348592B27CF92DB009D8A51 /* ButtonStyle.swift */,
				8348592D27CF9C4C009D8A51 /* BackgroundGradient.swift */,
				836F149E27E35FF200FEFCB3 /* HalfSheet.swift */,
				8387E78627E1FA660060C12D /* NavigationAndTabbarAppearance.swift */,
			);
			path = Shared;
			sourceTree = "<group>";
		};
		83BB1B4727EC6438002FF81E /* Statistics */ = {
			isa = PBXGroup;
			children = (
				83BB1B4827EC647E002FF81E /* ClassListView.swift */,
				83BB1B4A27EC6A0C002FF81E /* StatisticsView.swift */,
				83BB1B5227EDB925002FF81E /* StudentListView.swift */,
				83BB1B6027EE0D03002FF81E /* AbsenceHistoryView.swift */,
			);
			path = Statistics;
			sourceTree = "<group>";
		};
/* End PBXGroup section */

/* Begin PBXNativeTarget section */
		6A31FD4427CF61B700EFECDD /* Registr */ = {
			isa = PBXNativeTarget;
			buildConfigurationList = 6A31FD5327CF61B700EFECDD /* Build configuration list for PBXNativeTarget "Registr" */;
			buildPhases = (
				6A31FD4127CF61B700EFECDD /* Sources */,
				6A31FD4227CF61B700EFECDD /* Frameworks */,
				6A31FD4327CF61B700EFECDD /* Resources */,
			);
			buildRules = (
			);
			dependencies = (
			);
			name = Registr;
			packageProductDependencies = (
				6AC078DA27CF73EB0048F0B1 /* FirebaseAnalytics */,
				6AC078DC27CF73EB0048F0B1 /* FirebaseAuth */,
				6AC078DE27CF73EB0048F0B1 /* FirebaseCrashlytics */,
				6AC078E027CF73EB0048F0B1 /* FirebaseFirestore */,
				6A0F350527D8E717001E60D9 /* FirebaseFirestoreSwift-Beta */,
				83BB1B5027ECA827002FF81E /* SwiftUICharts */,
			);
			productName = Registr;
			productReference = 6A31FD4527CF61B700EFECDD /* Registr.app */;
			productType = "com.apple.product-type.application";
		};
/* End PBXNativeTarget section */

/* Begin PBXProject section */
		6A31FD3D27CF61B700EFECDD /* Project object */ = {
			isa = PBXProject;
			attributes = {
				BuildIndependentTargetsInParallel = 1;
				LastSwiftUpdateCheck = 1320;
				LastUpgradeCheck = 1320;
				TargetAttributes = {
					6A31FD4427CF61B700EFECDD = {
						CreatedOnToolsVersion = 13.2.1;
					};
				};
			};
			buildConfigurationList = 6A31FD4027CF61B700EFECDD /* Build configuration list for PBXProject "Registr" */;
			compatibilityVersion = "Xcode 13.0";
			developmentRegion = en;
			hasScannedForEncodings = 0;
			knownRegions = (
				en,
				Base,
				da,
			);
			mainGroup = 6A31FD3C27CF61B700EFECDD;
			packageReferences = (
				6AC078D927CF73EB0048F0B1 /* XCRemoteSwiftPackageReference "firebase-ios-sdk" */,
				83BB1B4F27ECA827002FF81E /* XCRemoteSwiftPackageReference "ChartView" */,
			);
			productRefGroup = 6A31FD4627CF61B700EFECDD /* Products */;
			projectDirPath = "";
			projectRoot = "";
			targets = (
				6A31FD4427CF61B700EFECDD /* Registr */,
			);
		};
/* End PBXProject section */

/* Begin PBXResourcesBuildPhase section */
		6A31FD4327CF61B700EFECDD /* Resources */ = {
			isa = PBXResourcesBuildPhase;
			buildActionMask = 2147483647;
			files = (
				6A0F34F727D89876001E60D9 /* Poppins-Thin.ttf in Resources */,
				6A0F34F027D89876001E60D9 /* Poppins-ExtraBoldItalic.ttf in Resources */,
				6A0F34EA27D89876001E60D9 /* Poppins-Black.ttf in Resources */,
				6A0F34ED27D89876001E60D9 /* Poppins-ExtraBold.ttf in Resources */,
				6A0F34FB27D89876001E60D9 /* Poppins-BoldItalic.ttf in Resources */,
				6A0F34EB27D89876001E60D9 /* Poppins-BlackItalic.ttf in Resources */,
				6A0F34F527D89876001E60D9 /* Poppins-SemiBoldItalic.ttf in Resources */,
				6A0F34F327D89876001E60D9 /* Poppins-MediumItalic.ttf in Resources */,
				83BB1B5B27EDFBF3002FF81E /* LaunchScreen.storyboard in Resources */,
				6A0F34F427D89876001E60D9 /* Poppins-Medium.ttf in Resources */,
				6A0F34EF27D89876001E60D9 /* Poppins-ThinItalic.ttf in Resources */,
				6A0F34FA27D89876001E60D9 /* Poppins-Light.ttf in Resources */,
				6A0F34F927D89876001E60D9 /* Poppins-Italic.ttf in Resources */,
				6A0F34E927D89876001E60D9 /* Poppins-SemiBold.ttf in Resources */,
				6A0F34EC27D89876001E60D9 /* Poppins-Bold.ttf in Resources */,
				6A0F34F827D89876001E60D9 /* Poppins-LightItalic.ttf in Resources */,
				6A31FD5027CF61B700EFECDD /* Preview Assets.xcassets in Resources */,
				6A0F34F227D89876001E60D9 /* Poppins-ExtraLightItalic.ttf in Resources */,
				6A0F34F627D89876001E60D9 /* OFL.txt in Resources */,
				6AC078E327CF88C20048F0B1 /* GoogleService-Info.plist in Resources */,
				83D5016527CF75240083AEE7 /* Localizable.strings in Resources */,
				6A31FD4D27CF61B700EFECDD /* Assets.xcassets in Resources */,
				6A0F34EE27D89876001E60D9 /* Poppins-Regular.ttf in Resources */,
				6A0F34F127D89876001E60D9 /* Poppins-ExtraLight.ttf in Resources */,
			);
			runOnlyForDeploymentPostprocessing = 0;
		};
/* End PBXResourcesBuildPhase section */

/* Begin PBXSourcesBuildPhase section */
		6A31FD4127CF61B700EFECDD /* Sources */ = {
			isa = PBXSourcesBuildPhase;
			buildActionMask = 2147483647;
			files = (
				8387E78927E215BF0060C12D /* StudentClassListView.swift in Sources */,
				8348592C27CF92DB009D8A51 /* ButtonStyle.swift in Sources */,
				8391A8FB27DB5BED00B5C698 /* ParentHomeScreenView.swift in Sources */,
				8391A8DC27D8BBD700B5C698 /* OnboardingFlowControllerView.swift in Sources */,
				8348592E27CF9C4C009D8A51 /* BackgroundGradient.swift in Sources */,
				8348592A27CF912E009D8A51 /* FontSizes.swift in Sources */,
				8387E78727E1FA660060C12D /* NavigationAndTabbarAppearance.swift in Sources */,
				8387E78127E1DACD0060C12D /* StudentAbsenceView.swift in Sources */,
				6A0F350827DA0CF7001E60D9 /* RegistrationManager.swift in Sources */,
				6A5607CA27EB2A5C000EED0C /* LoginUserID.swift in Sources */,
				6A0F34FF27D8A943001E60D9 /* Class.swift in Sources */,
				6A0F350127D8A9F9001E60D9 /* Absence.swift in Sources */,
				83BB1B6127EE0D03002FF81E /* AbsenceHistoryView.swift in Sources */,
				83BB1B4B27EC6A0C002FF81E /* StatisticsView.swift in Sources */,
				830FD5C227F4829600F87E0D /* DateFormatter+Extensions.swift in Sources */,
				8348592427CF8C3D009D8A51 /* FontStyles.swift in Sources */,
				6A0F34FD27D8A870001E60D9 /* Report.swift in Sources */,
				6A0F350327D8C8A9001E60D9 /* Registration.swift in Sources */,
				8348592827CF8D1C009D8A51 /* Resources.swift in Sources */,
				6A63250F27EB565D000EF260 /* DefaultsManager.swift in Sources */,
				6A5607D027EB2B36000EED0C /* LoginPassword.swift in Sources */,
				83BB1B4927EC647E002FF81E /* ClassListView.swift in Sources */,
				836F149F27E35FF200FEFCB3 /* HalfSheet.swift in Sources */,
				8391A8F727DA2DEE00B5C698 /* TeacherHomeScreenView.swift in Sources */,
				8348592627CF8C7F009D8A51 /* Color.swift in Sources */,
				8391A8F927DA2DFD00B5C698 /* TabViewView.swift in Sources */,
				8391A8EE27DA2DA400B5C698 /* RegisterView.swift in Sources */,
				8391A8F327DA2DC400B5C698 /* ProfileView.swift in Sources */,
				6AC078E727CF8D0B0048F0B1 /* AuthenticationManager.swift in Sources */,
				6AC078ED27CF9A8C0048F0B1 /* UserProfile.swift in Sources */,
				6AC078F227D0BA420048F0B1 /* String+Extensions.swift in Sources */,
				8391A8E027D8FD6100B5C698 /* OnboardingControllerFlow.swift in Sources */,
				6A63251127ECAB37000EF260 /* Date+Extensions.swift in Sources */,
				6A0F350A27DA3338001E60D9 /* ReportManager.swift in Sources */,
				6AC078EB27CF97340048F0B1 /* UserManager.swift in Sources */,
				8391A8DE27D8C59900B5C698 /* OnboardFlowView.swift in Sources */,
				6A0F350C27DB5395001E60D9 /* Student.swift in Sources */,
				83BB1B5327EDB925002FF81E /* StudentListView.swift in Sources */,
				6A5607C627EB2A12000EED0C /* LoginOptions.swift in Sources */,
				6A31FD4927CF61B700EFECDD /* RegistrApp.swift in Sources */,
			);
			runOnlyForDeploymentPostprocessing = 0;
		};
/* End PBXSourcesBuildPhase section */

/* Begin PBXVariantGroup section */
		83D5016727CF75240083AEE7 /* Localizable.strings */ = {
			isa = PBXVariantGroup;
			children = (
				83D5016827CF75480083AEE7 /* da */,
			);
			name = Localizable.strings;
			sourceTree = "<group>";
		};
/* End PBXVariantGroup section */

/* Begin XCBuildConfiguration section */
		6A31FD5127CF61B700EFECDD /* Debug */ = {
			isa = XCBuildConfiguration;
			buildSettings = {
				ALWAYS_SEARCH_USER_PATHS = NO;
				CLANG_ANALYZER_LOCALIZABILITY_NONLOCALIZED = YES;
				CLANG_ANALYZER_NONNULL = YES;
				CLANG_ANALYZER_NUMBER_OBJECT_CONVERSION = YES_AGGRESSIVE;
				CLANG_CXX_LANGUAGE_STANDARD = "gnu++17";
				CLANG_CXX_LIBRARY = "libc++";
				CLANG_ENABLE_MODULES = YES;
				CLANG_ENABLE_OBJC_ARC = YES;
				CLANG_ENABLE_OBJC_WEAK = YES;
				CLANG_WARN_BLOCK_CAPTURE_AUTORELEASING = YES;
				CLANG_WARN_BOOL_CONVERSION = YES;
				CLANG_WARN_COMMA = YES;
				CLANG_WARN_CONSTANT_CONVERSION = YES;
				CLANG_WARN_DEPRECATED_OBJC_IMPLEMENTATIONS = YES;
				CLANG_WARN_DIRECT_OBJC_ISA_USAGE = YES_ERROR;
				CLANG_WARN_DOCUMENTATION_COMMENTS = YES;
				CLANG_WARN_EMPTY_BODY = YES;
				CLANG_WARN_ENUM_CONVERSION = YES;
				CLANG_WARN_INFINITE_RECURSION = YES;
				CLANG_WARN_INT_CONVERSION = YES;
				CLANG_WARN_NON_LITERAL_NULL_CONVERSION = YES;
				CLANG_WARN_OBJC_IMPLICIT_RETAIN_SELF = YES;
				CLANG_WARN_OBJC_LITERAL_CONVERSION = YES;
				CLANG_WARN_OBJC_ROOT_CLASS = YES_ERROR;
				CLANG_WARN_QUOTED_INCLUDE_IN_FRAMEWORK_HEADER = YES;
				CLANG_WARN_RANGE_LOOP_ANALYSIS = YES;
				CLANG_WARN_STRICT_PROTOTYPES = YES;
				CLANG_WARN_SUSPICIOUS_MOVE = YES;
				CLANG_WARN_UNGUARDED_AVAILABILITY = YES_AGGRESSIVE;
				CLANG_WARN_UNREACHABLE_CODE = YES;
				CLANG_WARN__DUPLICATE_METHOD_MATCH = YES;
				COPY_PHASE_STRIP = NO;
				DEBUG_INFORMATION_FORMAT = dwarf;
				ENABLE_STRICT_OBJC_MSGSEND = YES;
				ENABLE_TESTABILITY = YES;
				GCC_C_LANGUAGE_STANDARD = gnu11;
				GCC_DYNAMIC_NO_PIC = NO;
				GCC_NO_COMMON_BLOCKS = YES;
				GCC_OPTIMIZATION_LEVEL = 0;
				GCC_PREPROCESSOR_DEFINITIONS = (
					"DEBUG=1",
					"$(inherited)",
				);
				GCC_WARN_64_TO_32_BIT_CONVERSION = YES;
				GCC_WARN_ABOUT_RETURN_TYPE = YES_ERROR;
				GCC_WARN_UNDECLARED_SELECTOR = YES;
				GCC_WARN_UNINITIALIZED_AUTOS = YES_AGGRESSIVE;
				GCC_WARN_UNUSED_FUNCTION = YES;
				GCC_WARN_UNUSED_VARIABLE = YES;
				IPHONEOS_DEPLOYMENT_TARGET = 15.0;
				MTL_ENABLE_DEBUG_INFO = INCLUDE_SOURCE;
				MTL_FAST_MATH = YES;
				ONLY_ACTIVE_ARCH = YES;
				SDKROOT = iphoneos;
				SWIFT_ACTIVE_COMPILATION_CONDITIONS = DEBUG;
				SWIFT_OPTIMIZATION_LEVEL = "-Onone";
			};
			name = Debug;
		};
		6A31FD5227CF61B700EFECDD /* Release */ = {
			isa = XCBuildConfiguration;
			buildSettings = {
				ALWAYS_SEARCH_USER_PATHS = NO;
				CLANG_ANALYZER_LOCALIZABILITY_NONLOCALIZED = YES;
				CLANG_ANALYZER_NONNULL = YES;
				CLANG_ANALYZER_NUMBER_OBJECT_CONVERSION = YES_AGGRESSIVE;
				CLANG_CXX_LANGUAGE_STANDARD = "gnu++17";
				CLANG_CXX_LIBRARY = "libc++";
				CLANG_ENABLE_MODULES = YES;
				CLANG_ENABLE_OBJC_ARC = YES;
				CLANG_ENABLE_OBJC_WEAK = YES;
				CLANG_WARN_BLOCK_CAPTURE_AUTORELEASING = YES;
				CLANG_WARN_BOOL_CONVERSION = YES;
				CLANG_WARN_COMMA = YES;
				CLANG_WARN_CONSTANT_CONVERSION = YES;
				CLANG_WARN_DEPRECATED_OBJC_IMPLEMENTATIONS = YES;
				CLANG_WARN_DIRECT_OBJC_ISA_USAGE = YES_ERROR;
				CLANG_WARN_DOCUMENTATION_COMMENTS = YES;
				CLANG_WARN_EMPTY_BODY = YES;
				CLANG_WARN_ENUM_CONVERSION = YES;
				CLANG_WARN_INFINITE_RECURSION = YES;
				CLANG_WARN_INT_CONVERSION = YES;
				CLANG_WARN_NON_LITERAL_NULL_CONVERSION = YES;
				CLANG_WARN_OBJC_IMPLICIT_RETAIN_SELF = YES;
				CLANG_WARN_OBJC_LITERAL_CONVERSION = YES;
				CLANG_WARN_OBJC_ROOT_CLASS = YES_ERROR;
				CLANG_WARN_QUOTED_INCLUDE_IN_FRAMEWORK_HEADER = YES;
				CLANG_WARN_RANGE_LOOP_ANALYSIS = YES;
				CLANG_WARN_STRICT_PROTOTYPES = YES;
				CLANG_WARN_SUSPICIOUS_MOVE = YES;
				CLANG_WARN_UNGUARDED_AVAILABILITY = YES_AGGRESSIVE;
				CLANG_WARN_UNREACHABLE_CODE = YES;
				CLANG_WARN__DUPLICATE_METHOD_MATCH = YES;
				COPY_PHASE_STRIP = NO;
				DEBUG_INFORMATION_FORMAT = "dwarf-with-dsym";
				ENABLE_NS_ASSERTIONS = NO;
				ENABLE_STRICT_OBJC_MSGSEND = YES;
				GCC_C_LANGUAGE_STANDARD = gnu11;
				GCC_NO_COMMON_BLOCKS = YES;
				GCC_WARN_64_TO_32_BIT_CONVERSION = YES;
				GCC_WARN_ABOUT_RETURN_TYPE = YES_ERROR;
				GCC_WARN_UNDECLARED_SELECTOR = YES;
				GCC_WARN_UNINITIALIZED_AUTOS = YES_AGGRESSIVE;
				GCC_WARN_UNUSED_FUNCTION = YES;
				GCC_WARN_UNUSED_VARIABLE = YES;
				IPHONEOS_DEPLOYMENT_TARGET = 15.0;
				MTL_ENABLE_DEBUG_INFO = NO;
				MTL_FAST_MATH = YES;
				SDKROOT = iphoneos;
				SWIFT_COMPILATION_MODE = wholemodule;
				SWIFT_OPTIMIZATION_LEVEL = "-O";
				VALIDATE_PRODUCT = YES;
			};
			name = Release;
		};
		6A31FD5427CF61B700EFECDD /* Debug */ = {
			isa = XCBuildConfiguration;
			buildSettings = {
				ASSETCATALOG_COMPILER_APPICON_NAME = AppIcon;
				ASSETCATALOG_COMPILER_GLOBAL_ACCENT_COLOR_NAME = AccentColor;
				ASSETCATALOG_COMPILER_INCLUDE_ALL_APPICON_ASSETS = NO;
				CODE_SIGN_STYLE = Automatic;
				CURRENT_PROJECT_VERSION = 1;
				DEVELOPMENT_ASSET_PATHS = "\"Registr/Preview Content\"";
				DEVELOPMENT_TEAM = ZG95YRN77R;
				ENABLE_PREVIEWS = YES;
				GENERATE_INFOPLIST_FILE = YES;
				INFOPLIST_FILE = Registr/Info.plist;
				INFOPLIST_KEY_UIApplicationSceneManifest_Generation = YES;
				INFOPLIST_KEY_UIApplicationSupportsIndirectInputEvents = YES;
				INFOPLIST_KEY_UILaunchStoryboardName = LaunchScreen;
				INFOPLIST_KEY_UISupportedInterfaceOrientations = UIInterfaceOrientationPortrait;
				INFOPLIST_KEY_UISupportedInterfaceOrientations_iPad = "UIInterfaceOrientationPortrait UIInterfaceOrientationPortraitUpsideDown UIInterfaceOrientationLandscapeLeft UIInterfaceOrientationLandscapeRight";
				INFOPLIST_KEY_UISupportedInterfaceOrientations_iPhone = "UIInterfaceOrientationPortrait UIInterfaceOrientationLandscapeLeft UIInterfaceOrientationLandscapeRight";
				INFOPLIST_KEY_UIUserInterfaceStyle = Light;
				IPHONEOS_DEPLOYMENT_TARGET = 15.0;
				LD_RUNPATH_SEARCH_PATHS = (
					"$(inherited)",
					"@executable_path/Frameworks",
				);
				MARKETING_VERSION = 1.0;
				PRODUCT_BUNDLE_IDENTIFIER = duyx.Registr;
				PRODUCT_NAME = "$(TARGET_NAME)";
				SWIFT_EMIT_LOC_STRINGS = YES;
				SWIFT_VERSION = 5.0;
				TARGETED_DEVICE_FAMILY = "1,2";
			};
			name = Debug;
		};
		6A31FD5527CF61B700EFECDD /* Release */ = {
			isa = XCBuildConfiguration;
			buildSettings = {
				ASSETCATALOG_COMPILER_APPICON_NAME = AppIcon;
				ASSETCATALOG_COMPILER_GLOBAL_ACCENT_COLOR_NAME = AccentColor;
				ASSETCATALOG_COMPILER_INCLUDE_ALL_APPICON_ASSETS = NO;
				CODE_SIGN_STYLE = Automatic;
				CURRENT_PROJECT_VERSION = 1;
				DEVELOPMENT_ASSET_PATHS = "\"Registr/Preview Content\"";
				DEVELOPMENT_TEAM = ZG95YRN77R;
				ENABLE_PREVIEWS = YES;
				GENERATE_INFOPLIST_FILE = YES;
				INFOPLIST_FILE = Registr/Info.plist;
				INFOPLIST_KEY_UIApplicationSceneManifest_Generation = YES;
				INFOPLIST_KEY_UIApplicationSupportsIndirectInputEvents = YES;
				INFOPLIST_KEY_UILaunchStoryboardName = LaunchScreen;
				INFOPLIST_KEY_UISupportedInterfaceOrientations = UIInterfaceOrientationPortrait;
				INFOPLIST_KEY_UISupportedInterfaceOrientations_iPad = "UIInterfaceOrientationPortrait UIInterfaceOrientationPortraitUpsideDown UIInterfaceOrientationLandscapeLeft UIInterfaceOrientationLandscapeRight";
				INFOPLIST_KEY_UISupportedInterfaceOrientations_iPhone = "UIInterfaceOrientationPortrait UIInterfaceOrientationLandscapeLeft UIInterfaceOrientationLandscapeRight";
				INFOPLIST_KEY_UIUserInterfaceStyle = Light;
				IPHONEOS_DEPLOYMENT_TARGET = 15.0;
				LD_RUNPATH_SEARCH_PATHS = (
					"$(inherited)",
					"@executable_path/Frameworks",
				);
				MARKETING_VERSION = 1.0;
				PRODUCT_BUNDLE_IDENTIFIER = duyx.Registr;
				PRODUCT_NAME = "$(TARGET_NAME)";
				SWIFT_EMIT_LOC_STRINGS = YES;
				SWIFT_VERSION = 5.0;
				TARGETED_DEVICE_FAMILY = "1,2";
			};
			name = Release;
		};
/* End XCBuildConfiguration section */

/* Begin XCConfigurationList section */
		6A31FD4027CF61B700EFECDD /* Build configuration list for PBXProject "Registr" */ = {
			isa = XCConfigurationList;
			buildConfigurations = (
				6A31FD5127CF61B700EFECDD /* Debug */,
				6A31FD5227CF61B700EFECDD /* Release */,
			);
			defaultConfigurationIsVisible = 0;
			defaultConfigurationName = Release;
		};
		6A31FD5327CF61B700EFECDD /* Build configuration list for PBXNativeTarget "Registr" */ = {
			isa = XCConfigurationList;
			buildConfigurations = (
				6A31FD5427CF61B700EFECDD /* Debug */,
				6A31FD5527CF61B700EFECDD /* Release */,
			);
			defaultConfigurationIsVisible = 0;
			defaultConfigurationName = Release;
		};
/* End XCConfigurationList section */

/* Begin XCRemoteSwiftPackageReference section */
		6AC078D927CF73EB0048F0B1 /* XCRemoteSwiftPackageReference "firebase-ios-sdk" */ = {
			isa = XCRemoteSwiftPackageReference;
			repositoryURL = "https://github.com/firebase/firebase-ios-sdk.git";
			requirement = {
				kind = upToNextMajorVersion;
				minimumVersion = 8.0.0;
			};
		};
		83BB1B4F27ECA827002FF81E /* XCRemoteSwiftPackageReference "ChartView" */ = {
			isa = XCRemoteSwiftPackageReference;
			repositoryURL = "https://github.com/AppPear/ChartView";
			requirement = {
				kind = exactVersion;
				version = "2.0.0-beta.2";
			};
		};
/* End XCRemoteSwiftPackageReference section */

/* Begin XCSwiftPackageProductDependency section */
		6A0F350527D8E717001E60D9 /* FirebaseFirestoreSwift-Beta */ = {
			isa = XCSwiftPackageProductDependency;
			package = 6AC078D927CF73EB0048F0B1 /* XCRemoteSwiftPackageReference "firebase-ios-sdk" */;
			productName = "FirebaseFirestoreSwift-Beta";
		};
		6AC078DA27CF73EB0048F0B1 /* FirebaseAnalytics */ = {
			isa = XCSwiftPackageProductDependency;
			package = 6AC078D927CF73EB0048F0B1 /* XCRemoteSwiftPackageReference "firebase-ios-sdk" */;
			productName = FirebaseAnalytics;
		};
		6AC078DC27CF73EB0048F0B1 /* FirebaseAuth */ = {
			isa = XCSwiftPackageProductDependency;
			package = 6AC078D927CF73EB0048F0B1 /* XCRemoteSwiftPackageReference "firebase-ios-sdk" */;
			productName = FirebaseAuth;
		};
		6AC078DE27CF73EB0048F0B1 /* FirebaseCrashlytics */ = {
			isa = XCSwiftPackageProductDependency;
			package = 6AC078D927CF73EB0048F0B1 /* XCRemoteSwiftPackageReference "firebase-ios-sdk" */;
			productName = FirebaseCrashlytics;
		};
		6AC078E027CF73EB0048F0B1 /* FirebaseFirestore */ = {
			isa = XCSwiftPackageProductDependency;
			package = 6AC078D927CF73EB0048F0B1 /* XCRemoteSwiftPackageReference "firebase-ios-sdk" */;
			productName = FirebaseFirestore;
		};
		83BB1B5027ECA827002FF81E /* SwiftUICharts */ = {
			isa = XCSwiftPackageProductDependency;
			package = 83BB1B4F27ECA827002FF81E /* XCRemoteSwiftPackageReference "ChartView" */;
			productName = SwiftUICharts;
		};
/* End XCSwiftPackageProductDependency section */
	};
	rootObject = 6A31FD3D27CF61B700EFECDD /* Project object */;
}
